{
  "nodes": {
    "age-plugin-yubikey": {
      "flake": false,
      "locked": {
        "lastModified": 1651455310,
        "narHash": "sha256-KXqicTZ9GZlNj1AH3tMmOrC8zjXoEnqo4JJJTBdiI4E=",
        "owner": "str4d",
        "repo": "age-plugin-yubikey",
        "rev": "08ba0aa1ec3ced531dcb16a9db1795d6ee9b52cb",
        "type": "github"
      },
      "original": {
        "owner": "str4d",
        "repo": "age-plugin-yubikey",
        "type": "github"
      }
    },
    "agenix": {
      "inputs": {
        "nixpkgs": [
          "nixpkgs"
        ]
      },
      "locked": {
        "lastModified": 1652712410,
        "narHash": "sha256-hMJ2TqLt0DleEnQFGUHK9sV2aAzJPU8pZeiZoqRozbE=",
        "owner": "ryantm",
        "repo": "agenix",
        "rev": "7e5e58b98c3dcbf497543ff6f22591552ebfe65b",
        "type": "github"
      },
      "original": {
        "owner": "ryantm",
        "repo": "agenix",
        "type": "github"
      }
    },
    "alejandra": {
      "inputs": {
        "flakeCompat": "flakeCompat",
        "nixpkgs": [
          "spotnix",
          "dream2nix",
          "nixpkgs"
        ]
      },
      "locked": {
        "lastModified": 1652972885,
        "narHash": "sha256-OKTV5Mi0WyDGsF6GcTwWkgJPNRkskD5yqCZZmghZYHI=",
        "owner": "kamadorueda",
        "repo": "alejandra",
        "rev": "69d2075e432c562099965829d8bc4da701b10d20",
        "type": "github"
      },
      "original": {
        "owner": "kamadorueda",
        "repo": "alejandra",
        "type": "github"
      }
    },
    "blur": {
      "flake": false,
      "locked": {
        "lastModified": 1587558846,
        "narHash": "sha256-TASthWzI3HJTbnFj7GlHN939NUK7+UVRY7kQz/JkDus=",
        "owner": "johnae",
        "repo": "blur",
        "rev": "0d9da940995b1e47c5f26be57d6372c8702fb134",
        "type": "github"
      },
      "original": {
        "owner": "johnae",
        "repo": "blur",
        "type": "github"
      }
    },
    "crane": {
      "flake": false,
      "locked": {
        "lastModified": 1654444508,
        "narHash": "sha256-4OBvQ4V7jyt7afs6iKUvRzJ1u/9eYnKzVQbeQdiamuY=",
        "owner": "ipetkov",
        "repo": "crane",
        "rev": "db5482bf225acc3160899124a1df5a617cfa27b5",
        "type": "github"
      },
      "original": {
        "owner": "ipetkov",
        "repo": "crane",
        "type": "github"
      }
    },
    "devshell": {
      "locked": {
        "lastModified": 1642188207,
        "narHash": "sha256-5S19MG4S27pe/x3xmnzLGqVp6Eu1rr3LOSxrav4h0EA=",
        "owner": "johnae",
        "repo": "devshell",
        "rev": "dbde51ab8009de6422c9520bb7a22f03f0caa70f",
        "type": "github"
      },
      "original": {
        "owner": "johnae",
        "repo": "devshell",
        "type": "github"
      }
    },
    "devshell_2": {
      "inputs": {
        "flake-utils": "flake-utils_2",
        "nixpkgs": [
          "spotnix",
          "nixpkgs"
        ]
      },
      "locked": {
        "lastModified": 1654858401,
        "narHash": "sha256-53bw34DtVJ2bnF6WEwy6Tym+qY0pNEiEwARUlvmTZjs=",
        "owner": "numtide",
        "repo": "devshell",
        "rev": "f55e05c6d3bbe9acc7363bc8fc739518b2f02976",
        "type": "github"
      },
      "original": {
        "owner": "numtide",
        "repo": "devshell",
        "type": "github"
      }
    },
    "devshell_3": {
      "flake": false,
      "locked": {
        "lastModified": 1653917170,
        "narHash": "sha256-FyxOnEE/V4PNEcMU62ikY4FfYPo349MOhMM97HS0XEo=",
        "owner": "numtide",
        "repo": "devshell",
        "rev": "fc7a3e3adde9bbcab68af6d1e3c6eb738e296a92",
        "type": "github"
      },
      "original": {
        "owner": "numtide",
        "repo": "devshell",
        "type": "github"
      }
    },
    "dream2nix": {
      "inputs": {
        "alejandra": "alejandra",
        "crane": "crane",
        "devshell": "devshell_3",
        "flake-utils-pre-commit": "flake-utils-pre-commit",
        "gomod2nix": "gomod2nix",
        "mach-nix": "mach-nix",
        "nixpkgs": [
          "spotnix",
          "nixpkgs"
        ],
        "node2nix": "node2nix",
        "poetry2nix": "poetry2nix",
        "pre-commit-hooks": "pre-commit-hooks"
      },
      "locked": {
        "lastModified": 1655574739,
        "narHash": "sha256-4ElXxS9GlPNYgcCtnhqEmVf/UltGDozigmXjX/o+sUM=",
        "owner": "nix-community",
        "repo": "dream2nix",
        "rev": "16f11d2469d80461c73ff4fb5861cb55ebb4dbc0",
        "type": "github"
      },
      "original": {
        "owner": "nix-community",
        "repo": "dream2nix",
        "type": "github"
      }
    },
    "emacs-overlay": {
      "inputs": {
        "flake-utils": [
          "flake-utils"
        ],
        "nixpkgs": [
          "nixpkgs"
        ]
      },
      "locked": {
        "lastModified": 1656355274,
        "narHash": "sha256-vacBFXZoxZsg3biNVnOnSzuBRhHpBoE9nxX8PwOiGic=",
        "owner": "nix-community",
        "repo": "emacs-overlay",
        "rev": "1be2098861500d839711dcdd002c278ed2bdec49",
        "type": "github"
      },
      "original": {
        "owner": "nix-community",
        "repo": "emacs-overlay",
        "type": "github"
      }
    },
    "fenix": {
      "inputs": {
        "nixpkgs": [
          "nixpkgs"
        ],
        "rust-analyzer-src": "rust-analyzer-src"
      },
      "locked": {
        "lastModified": 1656311436,
        "narHash": "sha256-rXZbZ61Zvn5rE0Srh5bpfNYRXEZHIigqcjkKh2+Cvk4=",
        "owner": "nix-community",
        "repo": "fenix",
        "rev": "5e2708f04efe0ed2616be471d0913e303ff3a9ee",
        "type": "github"
      },
      "original": {
        "owner": "nix-community",
        "repo": "fenix",
        "type": "github"
      }
    },
    "fire": {
      "flake": false,
      "locked": {
        "lastModified": 1545777901,
        "narHash": "sha256-fzzooNV4gt3cEYvl796i5I35zW/bCd4qPZoMjf/25tE=",
        "owner": "johnae",
        "repo": "fire",
        "rev": "2a64559b4364828b651305d89b76ba3f03661355",
        "type": "github"
      },
      "original": {
        "owner": "johnae",
        "repo": "fire",
        "type": "github"
      }
    },
    "fish-kubectl-completions": {
      "flake": false,
      "locked": {
        "lastModified": 1629115345,
        "narHash": "sha256-OYiYTW+g71vD9NWOcX1i2/TaQfAg+c2dJZ5ohwWSDCc=",
        "owner": "evanlucas",
        "repo": "fish-kubectl-completions",
        "rev": "ced676392575d618d8b80b3895cdc3159be3f628",
        "type": "github"
      },
      "original": {
        "owner": "evanlucas",
        "repo": "fish-kubectl-completions",
        "type": "github"
      }
    },
    "flake-utils": {
      "locked": {
        "lastModified": 1656065134,
        "narHash": "sha256-oc6E6ByIw3oJaIyc67maaFcnjYOz1mMcOtHxbEf9NwQ=",
        "owner": "numtide",
        "repo": "flake-utils",
        "rev": "bee6a7250dd1b01844a2de7e02e4df7d8a0a206c",
        "type": "github"
      },
      "original": {
        "owner": "numtide",
        "repo": "flake-utils",
        "type": "github"
      }
    },
    "flake-utils-pre-commit": {
      "locked": {
        "lastModified": 1644229661,
        "narHash": "sha256-1YdnJAsNy69bpcjuoKdOYQX0YxZBiCYZo4Twxerqv7k=",
        "owner": "numtide",
        "repo": "flake-utils",
        "rev": "3cecb5b042f7f209c56ffd8371b2711a290ec797",
        "type": "github"
      },
      "original": {
        "owner": "numtide",
        "repo": "flake-utils",
        "type": "github"
      }
    },
    "flake-utils_2": {
      "locked": {
        "lastModified": 1642700792,
        "narHash": "sha256-XqHrk7hFb+zBvRg6Ghl+AZDq03ov6OshJLiSWOoX5es=",
        "owner": "numtide",
        "repo": "flake-utils",
        "rev": "846b2ae0fc4cc943637d3d1def4454213e203cba",
        "type": "github"
      },
      "original": {
        "owner": "numtide",
        "repo": "flake-utils",
        "type": "github"
      }
    },
    "flake-utils_3": {
      "locked": {
        "lastModified": 1653893745,
        "narHash": "sha256-0jntwV3Z8//YwuOjzhV2sgJJPt+HY6KhU7VZUL0fKZQ=",
        "owner": "numtide",
        "repo": "flake-utils",
        "rev": "1ed9fb1935d260de5fe1c2f7ee0ebaae17ed2fa1",
        "type": "github"
      },
      "original": {
        "owner": "numtide",
        "repo": "flake-utils",
        "type": "github"
      }
    },
    "flakeCompat": {
      "flake": false,
      "locked": {
        "lastModified": 1648199409,
        "narHash": "sha256-JwPKdC2PoVBkG6E+eWw3j6BMR6sL3COpYWfif7RVb8Y=",
        "owner": "edolstra",
        "repo": "flake-compat",
        "rev": "64a525ee38886ab9028e6f61790de0832aa3ef03",
        "type": "github"
      },
      "original": {
        "owner": "edolstra",
        "repo": "flake-compat",
        "type": "github"
      }
    },
    "fluxcd-install": {
      "flake": false,
      "locked": {
        "narHash": "sha256-+s51FZn/fQYkwEjvx5avmsI+CsBFVSHw23QucTmXbG0=",
        "type": "file",
        "url": "https://github.com/fluxcd/flux2/releases/download/v0.31.2/install.yaml"
      },
      "original": {
        "type": "file",
        "url": "https://github.com/fluxcd/flux2/releases/download/v0.31.2/install.yaml"
      }
    },
    "git-branchless": {
      "flake": false,
      "locked": {
        "lastModified": 1656308205,
        "narHash": "sha256-4ETwzIsscCrN1eMC2ks9mwy7wxubTWmuu9uXvcia470=",
        "owner": "arxanas",
        "repo": "git-branchless",
        "rev": "0aa04b18f9e37b03b34d5fbdfdf7a6852fc75e92",
        "type": "github"
      },
      "original": {
        "owner": "arxanas",
        "repo": "git-branchless",
        "type": "github"
      }
    },
    "gomod2nix": {
      "flake": false,
      "locked": {
        "lastModified": 1627572165,
        "narHash": "sha256-MFpwnkvQpauj799b4QTBJQFEddbD02+Ln5k92QyHOSk=",
        "owner": "tweag",
        "repo": "gomod2nix",
        "rev": "67f22dd738d092c6ba88e420350ada0ed4992ae8",
        "type": "github"
      },
      "original": {
        "owner": "tweag",
        "repo": "gomod2nix",
        "type": "github"
      }
    },
    "google-cloud-sdk-fish-completion": {
      "flake": false,
      "locked": {
        "lastModified": 1478342126,
        "narHash": "sha256-BIbzdxAj3mrf340l4hNkXwA13rIIFnC6BxM6YuJ7/w8=",
        "owner": "Doctusoft",
        "repo": "google-cloud-sdk-fish-completion",
        "rev": "bc24b0bf7da2addca377d89feece4487ca0b1e9c",
        "type": "github"
      },
      "original": {
        "owner": "Doctusoft",
        "repo": "google-cloud-sdk-fish-completion",
        "type": "github"
      }
    },
    "grim": {
      "flake": false,
      "locked": {
        "lastModified": 1648628408,
        "narHash": "sha256-X3NHAFe27hnjM6YQ5YsFJWkGYe+mRAFUjiR20R5tTAQ=",
        "owner": "emersion",
        "repo": "grim",
        "rev": "47e2658619c6b5a790732c5876fb84e8273f08a9",
        "type": "github"
      },
      "original": {
        "owner": "emersion",
        "repo": "grim",
        "type": "github"
      }
    },
    "home-manager": {
      "inputs": {
        "nixpkgs": [
          "nixpkgs"
        ],
        "utils": "utils"
      },
      "locked": {
        "lastModified": 1656367977,
        "narHash": "sha256-0hV17V9Up9pnAtPJ+787FhrsPnawxoTPA/VxgjRMrjc=",
        "owner": "nix-community",
        "repo": "home-manager",
        "rev": "3bf16c0fd141c28312be52945d1543f9ce557bb1",
        "type": "github"
      },
      "original": {
        "owner": "nix-community",
        "repo": "home-manager",
        "type": "github"
      }
    },
    "kile": {
      "flake": false,
      "locked": {
        "lastModified": 1648760705,
        "narHash": "sha256-q8jpC2FZ+pj/5bOn7pugka/RlXOfegXelpCn+kRqEdo=",
        "owner": "snakedye",
        "repo": "kile",
        "rev": "d5ab8483c4c8bae6b3a704b87ccc26bae21dca07",
        "type": "gitlab"
      },
      "original": {
        "owner": "snakedye",
        "repo": "kile",
        "type": "gitlab"
      }
    },
    "kured": {
      "flake": false,
      "locked": {
        "lastModified": 1656184085,
        "narHash": "sha256-BUK03JeAYBr5fQrl67LmyS4oKneXflKSSWfMrJhQ9+E=",
        "owner": "weaveworks",
        "repo": "kured",
        "rev": "28c53324506629d105f77ebf951f67af24ab728e",
        "type": "github"
      },
      "original": {
        "owner": "weaveworks",
        "repo": "kured",
        "type": "github"
      }
    },
    "mach-nix": {
      "flake": false,
      "locked": {
        "lastModified": 1634711045,
        "narHash": "sha256-m5A2Ty88NChLyFhXucECj6+AuiMZPHXNbw+9Kcs7F6Y=",
        "owner": "DavHau",
        "repo": "mach-nix",
        "rev": "4433f74a97b94b596fa6cd9b9c0402104aceef5d",
        "type": "github"
      },
      "original": {
        "id": "mach-nix",
        "type": "indirect"
      }
    },
    "matrix-conduit": {
      "flake": false,
      "locked": {
        "lastModified": 1656194389,
        "narHash": "sha256-UQpMM4GDNcRKaYime1VyzyeTiAwvFDn79So1XibdD7U=",
        "owner": "famedly",
        "repo": "conduit",
        "rev": "0b926c2a31deff57a3526dd75d8c08775b02241a",
        "type": "gitlab"
      },
      "original": {
        "owner": "famedly",
        "repo": "conduit",
        "type": "gitlab"
      }
    },
    "netns-exec": {
      "flake": false,
      "locked": {
        "lastModified": 1601501912,
        "narHash": "sha256-fDznTnWkS9dOeMB7G4YqEP0podWZlR7l4paMk+/bjmQ=",
        "owner": "johnae",
        "repo": "netns-exec",
        "rev": "748f29abbcdecbad6de0a347b68eb01e793e6317",
        "type": "github"
      },
      "original": {
        "owner": "johnae",
        "repo": "netns-exec",
        "type": "github"
      }
    },
    "nix-misc": {
      "inputs": {
        "nixlib": [
          "nixlib"
        ]
      },
      "locked": {
        "lastModified": 1640300519,
        "narHash": "sha256-kZvGxEoqxagLiYpEf0Vfnp9UTb5CJKH/PZKsFw5EihY=",
        "owner": "johnae",
        "repo": "nix-misc",
        "rev": "eb9de1a757cf17432310c38404ca823c5498bf26",
        "type": "github"
      },
      "original": {
        "owner": "johnae",
        "repo": "nix-misc",
        "type": "github"
      }
    },
    "nixlib": {
      "locked": {
        "lastModified": 1656205009,
        "narHash": "sha256-c5Lu5hzDPWZLU7EAFv5gLoFdrZo2U9Ko2cwd/MlyBic=",
        "owner": "nix-community",
        "repo": "nixpkgs.lib",
        "rev": "db960fdb35abd684899e75747fa441978c3d49e1",
        "type": "github"
      },
      "original": {
        "owner": "nix-community",
        "repo": "nixpkgs.lib",
        "type": "github"
      }
    },
    "nixos-hardware": {
      "locked": {
        "lastModified": 1656353817,
        "narHash": "sha256-UJEzMQcft/0Ilu4LWV7UH51mr5UCo28GL06BGO+djv4=",
        "owner": "nixos",
        "repo": "nixos-hardware",
        "rev": "78e7c2c397b0376526e83162b58de921362e3399",
        "type": "github"
      },
      "original": {
        "owner": "nixos",
        "repo": "nixos-hardware",
        "type": "github"
      }
    },
    "nixpkgs": {
      "locked": {
        "lastModified": 1656239181,
        "narHash": "sha256-wW1xRFBn376yGloXZ4QzBE4hjipMawpV18Lshd9QSPw=",
        "owner": "nixos",
        "repo": "nixpkgs",
        "rev": "f2537a505d45c31fe5d9c27ea9829b6f4c4e6ac5",
        "type": "github"
      },
      "original": {
        "owner": "nixos",
        "ref": "nixos-unstable",
        "repo": "nixpkgs",
        "type": "github"
      }
    },
    "node2nix": {
      "flake": false,
      "locked": {
        "lastModified": 1634916276,
        "narHash": "sha256-lov2b/8ydYjq+MhKQugmWV2lFnq35AU5RTRBTfLq7B4=",
        "owner": "svanderburg",
        "repo": "node2nix",
        "rev": "644e90c0304038a446ed53efc97e9eb1e2831e71",
        "type": "github"
      },
      "original": {
        "owner": "svanderburg",
        "repo": "node2nix",
        "type": "github"
      }
    },
    "notracking": {
      "flake": false,
      "locked": {
        "lastModified": 1656318413,
        "narHash": "sha256-1ITwlRGp36A/qIETSE+uMBYRWA4U4w5b7uF64MaK3LE=",
        "owner": "notracking",
        "repo": "hosts-blocklists",
        "rev": "82b8fbd8bbe13aa53d8a7336c6c522d8f0927bd1",
        "type": "github"
      },
      "original": {
        "owner": "notracking",
        "repo": "hosts-blocklists",
        "type": "github"
      }
    },
    "nur": {
      "locked": {
        "lastModified": 1656369684,
        "narHash": "sha256-9rjK+d7rBdSRsGBp9C5pSrpYc4EYZept8U4yBFWzrWs=",
        "owner": "nix-community",
        "repo": "NUR",
        "rev": "a36e6cc746133540cb6f94a62679c0954a0e7590",
        "type": "github"
      },
      "original": {
        "owner": "nix-community",
        "repo": "NUR",
        "type": "github"
      }
    },
    "persway": {
      "inputs": {
        "fenix": [
          "fenix"
        ],
        "nixpkgs": [
          "nixpkgs"
        ]
      },
      "locked": {
        "lastModified": 1623319709,
        "narHash": "sha256-JMi8k82L9CmM6aKjyGfYIjHIfIv7KPihGdcKJUZOmJU=",
        "owner": "johnae",
        "repo": "persway",
        "rev": "2aa947a954574b5a10fe45301fb2ace3718134ae",
        "type": "github"
      },
      "original": {
        "owner": "johnae",
        "repo": "persway",
        "type": "github"
      }
    },
    "poetry2nix": {
      "flake": false,
      "locked": {
        "lastModified": 1632969109,
        "narHash": "sha256-jPDclkkiAy5m2gGLBlKgH+lQtbF7tL4XxBrbSzw+Ioc=",
        "owner": "nix-community",
        "repo": "poetry2nix",
        "rev": "aee8f04296c39d88155e05d25cfc59dfdd41cc77",
        "type": "github"
      },
      "original": {
        "owner": "nix-community",
        "ref": "1.21.0",
        "repo": "poetry2nix",
        "type": "github"
      }
    },
    "pre-commit-hooks": {
      "inputs": {
        "flake-utils": [
          "spotnix",
          "dream2nix",
          "flake-utils-pre-commit"
        ],
        "nixpkgs": [
          "spotnix",
          "dream2nix",
          "nixpkgs"
        ]
      },
      "locked": {
        "lastModified": 1646153636,
        "narHash": "sha256-AlWHMzK+xJ1mG267FdT8dCq/HvLCA6jwmx2ZUy5O8tY=",
        "owner": "cachix",
        "repo": "pre-commit-hooks.nix",
        "rev": "b6bc0b21e1617e2b07d8205e7fae7224036dfa4b",
        "type": "github"
      },
      "original": {
        "owner": "cachix",
        "repo": "pre-commit-hooks.nix",
        "type": "github"
      }
    },
    "ristate": {
      "flake": false,
      "locked": {
        "lastModified": 1656074092,
        "narHash": "sha256-V/iCd5Ti62/HMReN8/YV8VZIbKtTIuGlq8STTLgbqVg=",
        "owner": "snakedye",
        "repo": "ristate",
        "rev": "8517af171a314a1b92f5b7473a760ab3a028c1ed",
        "type": "gitlab"
      },
      "original": {
        "owner": "snakedye",
        "repo": "ristate",
        "type": "gitlab"
      }
    },
    "rofi-wayland": {
      "flake": false,
      "locked": {
        "lastModified": 1650187176,
        "narHash": "sha256-FvDzJL5VM4UeDCwDeElZhE/eRUefGrt4GmntaIeuQBQ=",
        "owner": "lbonn",
        "repo": "rofi",
        "rev": "1e8c22b4a05c7602aa9e51509274ce5ac36a5099",
        "type": "github"
      },
      "original": {
        "owner": "lbonn",
        "ref": "wayland",
        "repo": "rofi",
        "type": "github"
      }
    },
    "root": {
      "inputs": {
        "age-plugin-yubikey": "age-plugin-yubikey",
        "agenix": "agenix",
        "blur": "blur",
        "devshell": "devshell",
        "emacs-overlay": "emacs-overlay",
        "fenix": "fenix",
        "fire": "fire",
        "fish-kubectl-completions": "fish-kubectl-completions",
        "flake-utils": "flake-utils",
        "fluxcd-install": "fluxcd-install",
        "git-branchless": "git-branchless",
        "google-cloud-sdk-fish-completion": "google-cloud-sdk-fish-completion",
        "grim": "grim",
        "home-manager": "home-manager",
        "kile": "kile",
        "kured": "kured",
        "matrix-conduit": "matrix-conduit",
        "netns-exec": "netns-exec",
        "nix-misc": "nix-misc",
        "nixlib": "nixlib",
        "nixos-hardware": "nixos-hardware",
        "nixpkgs": "nixpkgs",
        "notracking": "notracking",
        "nur": "nur",
        "persway": "persway",
        "ristate": "ristate",
        "rofi-wayland": "rofi-wayland",
        "slurp": "slurp",
        "spotifyd": "spotifyd",
        "spotnix": "spotnix",
        "sway": "sway",
        "swaybg": "swaybg",
        "swayidle": "swayidle",
        "swaylock": "swaylock",
        "wayland-protocols-master": "wayland-protocols-master",
        "wl-clipboard": "wl-clipboard",
        "wlroots": "wlroots",
        "xdg-desktop-portal-wlr": "xdg-desktop-portal-wlr"
      }
    },
    "rust-analyzer-src": {
      "flake": false,
      "locked": {
        "lastModified": 1656240210,
        "narHash": "sha256-CeP1gNUtmYHCQylROkpunvVTR8J8w/Pm6D5rjw8v4Gw=",
        "owner": "rust-lang",
        "repo": "rust-analyzer",
        "rev": "b74e96f509baf0be70281c55f14cb18fefbc6b22",
        "type": "github"
      },
      "original": {
        "owner": "rust-lang",
        "ref": "nightly",
        "repo": "rust-analyzer",
        "type": "github"
      }
    },
    "slurp": {
      "flake": false,
      "locked": {
        "lastModified": 1643215376,
        "narHash": "sha256-9x+6nb+QnBsbndX9GpJYvi1czRkZ9qArLgs4a3gzHhQ=",
        "owner": "emersion",
        "repo": "slurp",
        "rev": "f4e75594c3234519fe8b795a1163dfa31d2e7f3a",
        "type": "github"
      },
      "original": {
        "owner": "emersion",
        "repo": "slurp",
        "type": "github"
      }
    },
    "spotifyd": {
      "flake": false,
      "locked": {
        "lastModified": 1646966714,
        "narHash": "sha256-UYQ5XiG18bQO4UfLDa7Nn2BQGk0jo0+tSP1lL79cY8k=",
        "owner": "spotifyd",
        "repo": "spotifyd",
        "rev": "ae6dac7a54f899316674ba57ce4a0f9890cd2b1c",
        "type": "github"
      },
      "original": {
        "owner": "spotifyd",
        "repo": "spotifyd",
        "type": "github"
      }
    },
    "spotnix": {
      "inputs": {
        "devshell": "devshell_2",
        "dream2nix": "dream2nix",
        "fenix": [
          "fenix"
        ],
        "flake-utils": "flake-utils_3",
        "nixpkgs": [
          "nixpkgs"
        ]
      },
      "locked": {
        "lastModified": 1655933272,
        "narHash": "sha256-NsXKWKw0GibW+Zhptn3JkDJ5YwhVSrRDaJW81zDJvSY=",
        "owner": "johnae",
        "repo": "spotnix",
        "rev": "e1e070309bebda3726ea3d0f83f239163f2285eb",
        "type": "github"
      },
      "original": {
        "owner": "johnae",
        "repo": "spotnix",
        "type": "github"
      }
    },
    "sway": {
      "flake": false,
      "locked": {
        "lastModified": 1656149269,
        "narHash": "sha256-bbBPuF/CnoNaWDjYu+Y4ZubLLd4jz87CP42Ne0h5UCU=",
        "owner": "swaywm",
        "repo": "sway",
        "rev": "a55472c6d882d806e9d6fc0a78a7f7d8f888492e",
        "type": "github"
      },
      "original": {
        "owner": "swaywm",
        "repo": "sway",
        "type": "github"
      }
    },
    "swaybg": {
      "flake": false,
      "locked": {
        "lastModified": 1654266202,
        "narHash": "sha256-ooT23J5l3MMtB/HXmO4GjVlxrngM8sxbwkMO7ZTdLrQ=",
        "owner": "swaywm",
        "repo": "swaybg",
        "rev": "69c03f673146927b73d0302fbf41a67bec58583d",
        "type": "github"
      },
      "original": {
        "owner": "swaywm",
        "repo": "swaybg",
        "type": "github"
      }
    },
    "swayidle": {
      "flake": false,
      "locked": {
        "lastModified": 1648373258,
        "narHash": "sha256-l7WfKhdBKVzl8MA2Fj5H3KmoiqeAgH4BdBrIl3p2gL8=",
        "owner": "swaywm",
        "repo": "swayidle",
        "rev": "36a474aa3afec884e147558fa895b063f80ec0c4",
        "type": "github"
      },
      "original": {
        "owner": "swaywm",
        "repo": "swayidle",
        "type": "github"
      }
    },
    "swaylock": {
      "flake": false,
      "locked": {
        "lastModified": 1655282972,
        "narHash": "sha256-tH/M4MNtCrHnpgQzLAG2wbjN1LWTUJ45SBUqw5XYWsM=",
        "owner": "swaywm",
        "repo": "swaylock",
        "rev": "bdeb891378bfcb2dc79de41cfeb6a62807d09b20",
        "type": "github"
      },
      "original": {
        "owner": "swaywm",
        "repo": "swaylock",
        "type": "github"
      }
    },
    "utils": {
      "locked": {
        "lastModified": 1653893745,
        "narHash": "sha256-0jntwV3Z8//YwuOjzhV2sgJJPt+HY6KhU7VZUL0fKZQ=",
        "owner": "numtide",
        "repo": "flake-utils",
        "rev": "1ed9fb1935d260de5fe1c2f7ee0ebaae17ed2fa1",
        "type": "github"
      },
      "original": {
        "owner": "numtide",
        "repo": "flake-utils",
        "type": "github"
      }
    },
    "wayland-protocols-master": {
      "flake": false,
      "locked": {
        "lastModified": 1654329441,
        "narHash": "sha256-8EF1OB8QiLFE0bNIcYMV5Q9KktiK+9Mr0dzMP5zfQuM=",
        "ref": "main",
        "rev": "7350cbefd8c8694834c6df6610bfe5b76e129c7b",
        "revCount": 278,
        "type": "git",
        "url": "https://gitlab.freedesktop.org/wayland/wayland-protocols.git"
      },
      "original": {
        "ref": "main",
        "type": "git",
        "url": "https://gitlab.freedesktop.org/wayland/wayland-protocols.git"
      }
    },
    "wl-clipboard": {
      "flake": false,
      "locked": {
        "lastModified": 1655050123,
        "narHash": "sha256-7or+a8yV8rcOkfKS/lKwNMsN40Ao2OVXHoTMPLIEuy0=",
        "owner": "bugaevc",
        "repo": "wl-clipboard",
        "rev": "89cd9f9e430a6cd8b82fa65a9c05e530e2430ffd",
        "type": "github"
      },
      "original": {
        "owner": "bugaevc",
        "repo": "wl-clipboard",
        "type": "github"
      }
    },
    "wlroots": {
      "flake": false,
      "locked": {
        "lastModified": 1656048042,
        "narHash": "sha256-O7o/25v07Da4Wt4lBq3CZ5kOObyx3Knp4zFnlvvwHmU=",
        "ref": "master",
        "rev": "c20468cfa292e99357fd504fc5b5884f6078ca96",
        "revCount": 5599,
        "type": "git",
        "url": "https://gitlab.freedesktop.org/wlroots/wlroots.git"
      },
      "original": {
        "ref": "master",
        "type": "git",
        "url": "https://gitlab.freedesktop.org/wlroots/wlroots.git"
      }
    },
    "xdg-desktop-portal-wlr": {
      "flake": false,
      "locked": {
        "lastModified": 1654766725,
        "narHash": "sha256-UztkfvMIbslPd/d262NZFb6WfESc9nBsSSH96BA4Aqw=",
        "owner": "emersion",
        "repo": "xdg-desktop-portal-wlr",
        "rev": "520d83ff56b1ef9c6a59c4b997f7c61418c2a4c8",
        "type": "github"
      },
      "original": {
        "owner": "emersion",
        "ref": "v0.6.0",
        "repo": "xdg-desktop-portal-wlr",
        "type": "github"
      }
    }
  },
  "root": "root",
  "version": 7
}
