{
  "nodes": {
    "age-plugin-yubikey": {
      "flake": false,
      "locked": {
        "lastModified": 1681032892,
        "narHash": "sha256-cQbz9Cx2sifC/bdmFIPdZW9neTxb1IoGpZg53fmhuKo=",
        "owner": "str4d",
        "repo": "age-plugin-yubikey",
        "rev": "acc783d0d3697b4be71fb52b3b763f2e44e2ce6c",
        "type": "github"
      },
      "original": {
        "owner": "str4d",
        "repo": "age-plugin-yubikey",
        "type": "github"
      }
    },
    "agenix": {
      "inputs": {
        "darwin": "darwin",
        "home-manager": "home-manager",
        "nixpkgs": [
          "nixpkgs"
        ]
      },
      "locked": {
        "lastModified": 1684153753,
        "narHash": "sha256-PVbWt3qrjYAK+T5KplFcO+h7aZWfEj1UtyoKlvcDxh0=",
        "owner": "ryantm",
        "repo": "agenix",
        "rev": "db5637d10f797bb251b94ef9040b237f4702cde3",
        "type": "github"
      },
      "original": {
        "owner": "ryantm",
        "repo": "agenix",
        "type": "github"
      }
    },
    "alejandra": {
      "inputs": {
        "fenix": [
          "fenix"
        ],
        "flakeCompat": "flakeCompat",
        "nixpkgs": [
          "nixpkgs"
        ]
      },
      "locked": {
        "lastModified": 1684209597,
        "narHash": "sha256-6gabWzKnpKNxTwJ/+cASswCCAU+t1rNlpY2DWMgn5r0=",
        "owner": "kamadorueda",
        "repo": "alejandra",
        "rev": "9512caae61b6fbda5298a33813976db4f1c0f17d",
        "type": "github"
      },
      "original": {
        "owner": "kamadorueda",
        "repo": "alejandra",
        "type": "github"
      }
    },
    "all-cabal-json": {
      "flake": false,
      "locked": {
        "lastModified": 1665552503,
        "narHash": "sha256-r14RmRSwzv5c+bWKUDaze6pXM7nOsiz1H8nvFHJvufc=",
        "owner": "nix-community",
        "repo": "all-cabal-json",
        "rev": "d7c0434eebffb305071404edcf9d5cd99703878e",
        "type": "github"
      },
      "original": {
        "owner": "nix-community",
        "ref": "hackage",
        "repo": "all-cabal-json",
        "type": "github"
      }
    },
    "aml": {
      "flake": false,
      "locked": {
        "lastModified": 1679608236,
        "narHash": "sha256-E9sRYbmLizuL70bc7yNG+Yo0UlzT3dUVhDnsS2jZpUo=",
        "owner": "any1",
        "repo": "aml",
        "rev": "ede424968e9e521c6e058be48d3ac89e8c9d700b",
        "type": "github"
      },
      "original": {
        "owner": "any1",
        "repo": "aml",
        "type": "github"
      }
    },
    "blur": {
      "flake": false,
      "locked": {
        "lastModified": 1587558846,
        "narHash": "sha256-TASthWzI3HJTbnFj7GlHN939NUK7+UVRY7kQz/JkDus=",
        "owner": "johnae",
        "repo": "blur",
        "rev": "0d9da940995b1e47c5f26be57d6372c8702fb134",
        "type": "github"
      },
      "original": {
        "owner": "johnae",
        "repo": "blur",
        "type": "github"
      }
    },
    "crane": {
      "flake": false,
      "locked": {
        "lastModified": 1681175776,
        "narHash": "sha256-7SsUy9114fryHAZ8p1L6G6YSu7jjz55FddEwa2U8XZc=",
        "owner": "ipetkov",
        "repo": "crane",
        "rev": "445a3d222947632b5593112bb817850e8a9cf737",
        "type": "github"
      },
      "original": {
        "owner": "ipetkov",
        "ref": "v0.12.1",
        "repo": "crane",
        "type": "github"
      }
    },
    "darwin": {
      "inputs": {
        "nixpkgs": [
          "agenix",
          "nixpkgs"
        ]
      },
      "locked": {
        "lastModified": 1673295039,
        "narHash": "sha256-AsdYgE8/GPwcelGgrntlijMg4t3hLFJFCRF3tL5WVjA=",
        "owner": "lnl7",
        "repo": "nix-darwin",
        "rev": "87b9d090ad39b25b2400029c64825fc2a8868943",
        "type": "github"
      },
      "original": {
        "owner": "lnl7",
        "ref": "master",
        "repo": "nix-darwin",
        "type": "github"
      }
    },
    "devenv": {
      "inputs": {
        "flake-compat": [
          "flake-compat"
        ],
        "nix": "nix",
        "nixpkgs": [
          "nixpkgs"
        ],
        "pre-commit-hooks": [
          "pre-commit-hooks"
        ]
      },
      "locked": {
        "lastModified": 1687553738,
        "narHash": "sha256-jLgPBLbet277Bj4VF7ygRUROkcBmFVNokIOsw6yHfmw=",
        "owner": "cachix",
        "repo": "devenv",
        "rev": "4f08665cdcde7e44a40edb39bdbfe8fc0b750932",
        "type": "github"
      },
      "original": {
        "owner": "cachix",
        "repo": "devenv",
        "type": "github"
      }
    },
    "devshell": {
      "flake": false,
      "locked": {
        "lastModified": 1663445644,
        "narHash": "sha256-+xVlcK60x7VY1vRJbNUEAHi17ZuoQxAIH4S4iUFUGBA=",
        "owner": "numtide",
        "repo": "devshell",
        "rev": "e3dc3e21594fe07bdb24bdf1c8657acaa4cb8f66",
        "type": "github"
      },
      "original": {
        "owner": "numtide",
        "repo": "devshell",
        "type": "github"
      }
    },
    "devshell_2": {
      "inputs": {
        "flake-utils": "flake-utils_2",
        "nixpkgs": [
          "persway",
          "nixpkgs"
        ]
      },
      "locked": {
        "lastModified": 1677856503,
        "narHash": "sha256-TW8my47VpavO/PXA5hIumUcX80cj0AufojjUTdUonLw=",
        "owner": "numtide",
        "repo": "devshell",
        "rev": "643d1857fea4e71e7f251cb574f59b1d63778085",
        "type": "github"
      },
      "original": {
        "owner": "numtide",
        "repo": "devshell",
        "type": "github"
      }
    },
    "dream2nix": {
      "inputs": {
        "all-cabal-json": "all-cabal-json",
        "crane": "crane",
        "devshell": "devshell",
        "drv-parts": "drv-parts",
        "flake-compat": [
          "flake-compat"
        ],
        "flake-parts": [
          "flake-parts"
        ],
        "flake-utils-pre-commit": "flake-utils-pre-commit",
        "ghc-utils": "ghc-utils",
        "gomod2nix": "gomod2nix",
        "mach-nix": "mach-nix",
        "nix-pypi-fetcher": "nix-pypi-fetcher",
        "nixpkgs": [
          "nixpkgs"
        ],
        "nixpkgsV1": "nixpkgsV1",
        "poetry2nix": "poetry2nix",
        "pre-commit-hooks": [
          "pre-commit-hooks"
        ],
        "pruned-racket-catalog": "pruned-racket-catalog"
      },
      "locked": {
        "lastModified": 1687429612,
        "narHash": "sha256-lVQlsVmWLQt+bgckBjiKxcqq2Jx1RYxyI3zmtdQ5Acs=",
        "owner": "nix-community",
        "repo": "dream2nix",
        "rev": "6b750b01385718a6a84231d3c5451308978fa7de",
        "type": "github"
      },
      "original": {
        "owner": "nix-community",
        "repo": "dream2nix",
        "type": "github"
      }
    },
    "drv-parts": {
      "inputs": {
        "flake-compat": [
          "dream2nix",
          "flake-compat"
        ],
        "flake-parts": [
          "dream2nix",
          "flake-parts"
        ],
        "nixpkgs": [
          "dream2nix",
          "nixpkgs"
        ]
      },
      "locked": {
        "lastModified": 1680698112,
        "narHash": "sha256-FgnobN/DvCjEsc0UAZEAdPLkL4IZi2ZMnu2K2bUaElc=",
        "owner": "davhau",
        "repo": "drv-parts",
        "rev": "e8c2ec1157dc1edb002989669a0dbd935f430201",
        "type": "github"
      },
      "original": {
        "owner": "davhau",
        "repo": "drv-parts",
        "type": "github"
      }
    },
    "emacs-copilot": {
      "flake": false,
      "locked": {
        "lastModified": 1687314450,
        "narHash": "sha256-0oCW0w7BbJ9BT1kAFz/HMJIcElje837PyVVhzS5on7U=",
        "owner": "zerolfx",
        "repo": "copilot.el",
        "rev": "9c4710c54883f27dbe7a3a42d64dc2332e3502f9",
        "type": "github"
      },
      "original": {
        "owner": "zerolfx",
        "repo": "copilot.el",
        "type": "github"
      }
    },
    "emacs-overlay": {
      "inputs": {
        "flake-utils": [
          "flake-utils"
        ],
        "nixpkgs": [
          "nixpkgs"
        ],
        "nixpkgs-stable": "nixpkgs-stable"
      },
      "locked": {
        "lastModified": 1687540605,
        "narHash": "sha256-I2eL7C4cfIZhDXJzOyakcefwJLKTDnZhag/oeGNhUGc=",
        "owner": "nix-community",
        "repo": "emacs-overlay",
        "rev": "4b5ee9e67f0d645bed26c592705b9c7c6966db14",
        "type": "github"
      },
      "original": {
        "owner": "nix-community",
        "repo": "emacs-overlay",
        "type": "github"
      }
    },
    "fenix": {
      "inputs": {
        "nixpkgs": [
          "nixpkgs"
        ],
        "rust-analyzer-src": "rust-analyzer-src"
      },
      "locked": {
        "lastModified": 1687501538,
        "narHash": "sha256-6uxZWuSoM6rWDPo+7HLCBcNe8+4phnya4qJHS4IlbKo=",
        "owner": "nix-community",
        "repo": "fenix",
        "rev": "3650022df24f0e5545502439ba7599b786455e2a",
        "type": "github"
      },
      "original": {
        "owner": "nix-community",
        "repo": "fenix",
        "type": "github"
      }
    },
    "fire": {
      "flake": false,
      "locked": {
        "lastModified": 1545777901,
        "narHash": "sha256-fzzooNV4gt3cEYvl796i5I35zW/bCd4qPZoMjf/25tE=",
        "owner": "johnae",
        "repo": "fire",
        "rev": "2a64559b4364828b651305d89b76ba3f03661355",
        "type": "github"
      },
      "original": {
        "owner": "johnae",
        "repo": "fire",
        "type": "github"
      }
    },
    "fish-kubectl-completions": {
      "flake": false,
      "locked": {
        "lastModified": 1629115345,
        "narHash": "sha256-OYiYTW+g71vD9NWOcX1i2/TaQfAg+c2dJZ5ohwWSDCc=",
        "owner": "evanlucas",
        "repo": "fish-kubectl-completions",
        "rev": "ced676392575d618d8b80b3895cdc3159be3f628",
        "type": "github"
      },
      "original": {
        "owner": "evanlucas",
        "repo": "fish-kubectl-completions",
        "type": "github"
      }
    },
    "flake-compat": {
      "flake": false,
      "locked": {
        "lastModified": 1673956053,
        "narHash": "sha256-4gtG9iQuiKITOjNQQeQIpoIB6b16fm+504Ch3sNKLd8=",
        "owner": "edolstra",
        "repo": "flake-compat",
        "rev": "35bb57c0c8d8b62bbfd284272c928ceb64ddbde9",
        "type": "github"
      },
      "original": {
        "owner": "edolstra",
        "repo": "flake-compat",
        "type": "github"
      }
    },
    "flake-parts": {
      "inputs": {
        "nixpkgs-lib": "nixpkgs-lib"
      },
      "locked": {
        "lastModified": 1685662779,
        "narHash": "sha256-cKDDciXGpMEjP1n6HlzKinN0H+oLmNpgeCTzYnsA2po=",
        "owner": "hercules-ci",
        "repo": "flake-parts",
        "rev": "71fb97f0d875fd4de4994dfb849f2c75e17eb6c3",
        "type": "github"
      },
      "original": {
        "owner": "hercules-ci",
        "repo": "flake-parts",
        "type": "github"
      }
    },
    "flake-utils": {
      "inputs": {
        "systems": "systems"
      },
      "locked": {
        "lastModified": 1687171271,
        "narHash": "sha256-BJlq+ozK2B1sJDQXS3tzJM5a+oVZmi1q0FlBK/Xqv7M=",
        "owner": "numtide",
        "repo": "flake-utils",
        "rev": "abfb11bd1aec8ced1c9bb9adfe68018230f4fb3c",
        "type": "github"
      },
      "original": {
        "owner": "numtide",
        "repo": "flake-utils",
        "type": "github"
      }
    },
    "flake-utils-pre-commit": {
      "locked": {
        "lastModified": 1644229661,
        "narHash": "sha256-1YdnJAsNy69bpcjuoKdOYQX0YxZBiCYZo4Twxerqv7k=",
        "owner": "numtide",
        "repo": "flake-utils",
        "rev": "3cecb5b042f7f209c56ffd8371b2711a290ec797",
        "type": "github"
      },
      "original": {
        "owner": "numtide",
        "repo": "flake-utils",
        "type": "github"
      }
    },
    "flake-utils_2": {
      "locked": {
        "lastModified": 1642700792,
        "narHash": "sha256-XqHrk7hFb+zBvRg6Ghl+AZDq03ov6OshJLiSWOoX5es=",
        "owner": "numtide",
        "repo": "flake-utils",
        "rev": "846b2ae0fc4cc943637d3d1def4454213e203cba",
        "type": "github"
      },
      "original": {
        "owner": "numtide",
        "repo": "flake-utils",
        "type": "github"
      }
    },
    "flakeCompat": {
      "flake": false,
      "locked": {
        "lastModified": 1650374568,
        "narHash": "sha256-Z+s0J8/r907g149rllvwhb4pKi8Wam5ij0st8PwAh+E=",
        "owner": "edolstra",
        "repo": "flake-compat",
        "rev": "b4a34015c698c7793d592d66adbab377907a2be8",
        "type": "github"
      },
      "original": {
        "owner": "edolstra",
        "repo": "flake-compat",
        "type": "github"
      }
    },
    "fluxcd-install": {
      "flake": false,
      "locked": {
        "narHash": "sha256-MJNzZKi/WnmtgL0JZSfZOUnIsKqp3Cq0rL056HCu/+U=",
        "type": "file",
        "url": "https://github.com/fluxcd/flux2/releases/download/v2.0.0-rc.5/install.yaml"
      },
      "original": {
        "type": "file",
        "url": "https://github.com/fluxcd/flux2/releases/download/v2.0.0-rc.5/install.yaml"
      }
    },
    "ghc-utils": {
      "flake": false,
      "locked": {
        "lastModified": 1662774800,
        "narHash": "sha256-1Rd2eohGUw/s1tfvkepeYpg8kCEXiIot0RijapUjAkE=",
        "ref": "refs/heads/master",
        "rev": "bb3a2d3dc52ff0253fb9c2812bd7aa2da03e0fea",
        "revCount": 1072,
        "type": "git",
        "url": "https://gitlab.haskell.org/bgamari/ghc-utils"
      },
      "original": {
        "type": "git",
        "url": "https://gitlab.haskell.org/bgamari/ghc-utils"
      }
    },
    "git-branchless": {
      "flake": false,
      "locked": {
        "lastModified": 1687208980,
        "narHash": "sha256-myemzbGM//JASU7ay6yAHYM5M1WMi2aKypRtIZlwS1o=",
        "owner": "arxanas",
        "repo": "git-branchless",
        "rev": "88d9be97535cb4534ccd7f5ff5436618611e1076",
        "type": "github"
      },
      "original": {
        "owner": "arxanas",
        "repo": "git-branchless",
        "type": "github"
      }
    },
    "gitignore": {
      "inputs": {
        "nixpkgs": [
          "pre-commit-hooks",
          "nixpkgs"
        ]
      },
      "locked": {
        "lastModified": 1660459072,
        "narHash": "sha256-8DFJjXG8zqoONA1vXtgeKXy68KdJL5UaXR8NtVMUbx8=",
        "owner": "hercules-ci",
        "repo": "gitignore.nix",
        "rev": "a20de23b925fd8264fd7fad6454652e142fd7f73",
        "type": "github"
      },
      "original": {
        "owner": "hercules-ci",
        "repo": "gitignore.nix",
        "type": "github"
      }
    },
    "gomod2nix": {
      "flake": false,
      "locked": {
        "lastModified": 1627572165,
        "narHash": "sha256-MFpwnkvQpauj799b4QTBJQFEddbD02+Ln5k92QyHOSk=",
        "owner": "tweag",
        "repo": "gomod2nix",
        "rev": "67f22dd738d092c6ba88e420350ada0ed4992ae8",
        "type": "github"
      },
      "original": {
        "owner": "tweag",
        "repo": "gomod2nix",
        "type": "github"
      }
    },
    "google-cloud-sdk-fish-completion": {
      "flake": false,
      "locked": {
        "lastModified": 1478342126,
        "narHash": "sha256-BIbzdxAj3mrf340l4hNkXwA13rIIFnC6BxM6YuJ7/w8=",
        "owner": "Doctusoft",
        "repo": "google-cloud-sdk-fish-completion",
        "rev": "bc24b0bf7da2addca377d89feece4487ca0b1e9c",
        "type": "github"
      },
      "original": {
        "owner": "Doctusoft",
        "repo": "google-cloud-sdk-fish-completion",
        "type": "github"
      }
    },
    "grim": {
      "flake": false,
      "locked": {
        "lastModified": 1648628408,
        "narHash": "sha256-X3NHAFe27hnjM6YQ5YsFJWkGYe+mRAFUjiR20R5tTAQ=",
        "owner": "emersion",
        "repo": "grim",
        "rev": "47e2658619c6b5a790732c5876fb84e8273f08a9",
        "type": "github"
      },
      "original": {
        "owner": "emersion",
        "repo": "grim",
        "type": "github"
      }
    },
    "headscale": {
      "inputs": {
        "flake-utils": [
          "flake-utils"
        ],
        "nixpkgs": [
          "nixpkgs"
        ]
      },
      "locked": {
        "lastModified": 1687336308,
        "narHash": "sha256-iYgu/3s9OKNADNGf9x+Ey4BBjx6vE2++CJL5X/w1iG4=",
        "owner": "juanfont",
        "repo": "headscale",
        "rev": "19dc0ac7029198c123f8b778a3d000e0cf744f81",
        "type": "github"
      },
      "original": {
        "owner": "juanfont",
        "repo": "headscale",
        "type": "github"
      }
    },
    "home-manager": {
      "inputs": {
        "nixpkgs": [
          "agenix",
          "nixpkgs"
        ]
      },
      "locked": {
        "lastModified": 1682203081,
        "narHash": "sha256-kRL4ejWDhi0zph/FpebFYhzqlOBrk0Pl3dzGEKSAlEw=",
        "owner": "nix-community",
        "repo": "home-manager",
        "rev": "32d3e39c491e2f91152c84f8ad8b003420eab0a1",
        "type": "github"
      },
      "original": {
        "owner": "nix-community",
        "repo": "home-manager",
        "type": "github"
      }
    },
    "home-manager_2": {
      "inputs": {
        "nixpkgs": [
          "nixpkgs"
        ]
      },
      "locked": {
        "lastModified": 1687506590,
        "narHash": "sha256-CSou9mrG9h/WVRjCptfTrATVxvhmtdQXElmWV/ZkrAs=",
        "owner": "nix-community",
        "repo": "home-manager",
        "rev": "d2b6f2d154bf6b27a93ed895392f80c503df7cfa",
        "type": "github"
      },
      "original": {
        "owner": "nix-community",
        "repo": "home-manager",
        "type": "github"
      }
    },
    "hwdata": {
      "flake": false,
      "locked": {
        "lastModified": 1686567019,
        "narHash": "sha256-XysXJ38CobmEGN8d/PxHsN7lsu1JlioXMdpdZLTj7KQ=",
        "owner": "vcrhonek",
        "repo": "hwdata",
        "rev": "2726a2e35ebe11681da6091a99ed304c9f707c90",
        "type": "github"
      },
      "original": {
        "owner": "vcrhonek",
        "repo": "hwdata",
        "type": "github"
      }
    },
    "kile": {
      "flake": false,
      "locked": {
        "lastModified": 1684499736,
        "narHash": "sha256-4sfzF2g2kSz+Q55gTCePjM+7kvfrEJ2uLKyy/V+SLF4=",
        "owner": "snakedye",
        "repo": "kile",
        "rev": "625f91010b920587dbf0ee23113eb8aa51cc6ec3",
        "type": "gitlab"
      },
      "original": {
        "owner": "snakedye",
        "repo": "kile",
        "type": "gitlab"
      }
    },
    "kured": {
      "flake": false,
      "locked": {
        "lastModified": 1686902163,
        "narHash": "sha256-PLXt//r5J7Gnj0D+T4c43P2G4NKlnkju1/lsZ2HpH2U=",
        "owner": "weaveworks",
        "repo": "kured",
        "rev": "815df5e1e94d683242153b97c9d75792dab3f2b6",
        "type": "github"
      },
      "original": {
        "owner": "weaveworks",
        "repo": "kured",
        "type": "github"
      }
    },
    "libdisplay-info": {
      "flake": false,
      "locked": {
        "lastModified": 1683795490,
        "narHash": "sha256-XsPG4ZvZh+WXAmz3CggEJcPOEo8ErvSYWkeKLArnmE0=",
        "ref": "main",
        "rev": "49af17a3e653b6e07a0f508da0c83c4ee3cd9077",
        "revCount": 223,
        "type": "git",
        "url": "https://gitlab.freedesktop.org/emersion/libdisplay-info.git"
      },
      "original": {
        "ref": "main",
        "type": "git",
        "url": "https://gitlab.freedesktop.org/emersion/libdisplay-info.git"
      }
    },
    "lowdown-src": {
      "flake": false,
      "locked": {
        "lastModified": 1633514407,
        "narHash": "sha256-Dw32tiMjdK9t3ETl5fzGrutQTzh2rufgZV4A/BbxuD4=",
        "owner": "kristapsdz",
        "repo": "lowdown",
        "rev": "d2c2b44ff6c27b936ec27358a2653caaef8f73b8",
        "type": "github"
      },
      "original": {
        "owner": "kristapsdz",
        "repo": "lowdown",
        "type": "github"
      }
    },
    "mach-nix": {
      "flake": false,
      "locked": {
        "lastModified": 1634711045,
        "narHash": "sha256-m5A2Ty88NChLyFhXucECj6+AuiMZPHXNbw+9Kcs7F6Y=",
        "owner": "DavHau",
        "repo": "mach-nix",
        "rev": "4433f74a97b94b596fa6cd9b9c0402104aceef5d",
        "type": "github"
      },
      "original": {
        "id": "mach-nix",
        "type": "indirect"
      }
    },
    "matrix-conduit": {
      "flake": false,
      "locked": {
        "lastModified": 1686411322,
        "narHash": "sha256-ufDLrsDUAQNUsWLGVAFsPA2W/u8pmyMVyed5xUI11FQ=",
        "owner": "famedly",
        "repo": "conduit",
        "rev": "def079267d3a4255df2c3dd38ed317ca65df5416",
        "type": "gitlab"
      },
      "original": {
        "owner": "famedly",
        "repo": "conduit",
        "type": "gitlab"
      }
    },
    "mk-shell-bin": {
      "locked": {
        "lastModified": 1677004959,
        "narHash": "sha256-/uEkr1UkJrh11vD02aqufCxtbF5YnhRTIKlx5kyvf+I=",
        "owner": "rrbutani",
        "repo": "nix-mk-shell-bin",
        "rev": "ff5d8bd4d68a347be5042e2f16caee391cd75887",
        "type": "github"
      },
      "original": {
        "owner": "rrbutani",
        "repo": "nix-mk-shell-bin",
        "type": "github"
      }
    },
    "neatvnc": {
      "flake": false,
      "locked": {
        "lastModified": 1685436056,
        "narHash": "sha256-Q7hfvEzMpl0kbU+ccSBQfKI1CcfUD7gze+NJ1oEiZws=",
        "owner": "any1",
        "repo": "neatvnc",
        "rev": "ade10463917e5296b17d839bae7fb3e077313dc2",
        "type": "github"
      },
      "original": {
        "owner": "any1",
        "repo": "neatvnc",
        "type": "github"
      }
    },
    "netns-exec": {
      "flake": false,
      "locked": {
        "lastModified": 1601501912,
        "narHash": "sha256-fDznTnWkS9dOeMB7G4YqEP0podWZlR7l4paMk+/bjmQ=",
        "owner": "johnae",
        "repo": "netns-exec",
        "rev": "748f29abbcdecbad6de0a347b68eb01e793e6317",
        "type": "github"
      },
      "original": {
        "owner": "johnae",
        "repo": "netns-exec",
        "type": "github"
      }
    },
    "nix": {
      "inputs": {
        "lowdown-src": "lowdown-src",
        "nixpkgs": [
          "devenv",
          "nixpkgs"
        ],
        "nixpkgs-regression": "nixpkgs-regression"
      },
      "locked": {
        "lastModified": 1676545802,
        "narHash": "sha256-EK4rZ+Hd5hsvXnzSzk2ikhStJnD63odF7SzsQ8CuSPU=",
        "owner": "domenkozar",
        "repo": "nix",
        "rev": "7c91803598ffbcfe4a55c44ac6d49b2cf07a527f",
        "type": "github"
      },
      "original": {
        "owner": "domenkozar",
        "ref": "relaxed-flakes",
        "repo": "nix",
        "type": "github"
      }
    },
    "nix-pypi-fetcher": {
      "flake": false,
      "locked": {
        "lastModified": 1669065297,
        "narHash": "sha256-UStjXjNIuIm7SzMOWvuYWIHBkPUKQ8Id63BMJjnIDoA=",
        "owner": "DavHau",
        "repo": "nix-pypi-fetcher",
        "rev": "a9885ac6a091576b5195d547ac743d45a2a615ac",
        "type": "github"
      },
      "original": {
        "owner": "DavHau",
        "repo": "nix-pypi-fetcher",
        "type": "github"
      }
    },
    "nix2container": {
      "inputs": {
        "flake-utils": [
          "flake-utils"
        ],
        "nixpkgs": [
          "nixpkgs"
        ]
      },
      "locked": {
        "lastModified": 1687467666,
        "narHash": "sha256-z9n7ATBXeDqz5a8+4HJ9fhU6KMyg7zZX0wrhLdVG7bQ=",
        "owner": "nlewo",
        "repo": "nix2container",
        "rev": "56e249151911e3d3928b578f5b6c01b16f55c308",
        "type": "github"
      },
      "original": {
        "owner": "nlewo",
        "repo": "nix2container",
        "type": "github"
      }
    },
    "nixlib": {
      "locked": {
        "lastModified": 1687049841,
        "narHash": "sha256-FBNZQfWtA7bb/rwk92mfiWc85x4hXta2OAouDqO5W8w=",
        "owner": "nix-community",
        "repo": "nixpkgs.lib",
        "rev": "908af6d1fa3643c5818ea45aa92b21d6385fbbe5",
        "type": "github"
      },
      "original": {
        "owner": "nix-community",
        "repo": "nixpkgs.lib",
        "type": "github"
      }
    },
    "nixos-hardware": {
      "locked": {
        "lastModified": 1686838567,
        "narHash": "sha256-aqKCUD126dRlVSKV6vWuDCitfjFrZlkwNuvj5LtjRRU=",
        "owner": "nixos",
        "repo": "nixos-hardware",
        "rev": "429f232fe1dc398c5afea19a51aad6931ee0fb89",
        "type": "github"
      },
      "original": {
        "owner": "nixos",
        "repo": "nixos-hardware",
        "type": "github"
      }
    },
    "nixpkgs": {
      "locked": {
        "lastModified": 1687502512,
        "narHash": "sha256-dBL/01TayOSZYxtY4cMXuNCBk8UMLoqRZA+94xiFpJA=",
        "owner": "nixos",
        "repo": "nixpkgs",
        "rev": "3ae20aa58a6c0d1ca95c9b11f59a2d12eebc511f",
        "type": "github"
      },
      "original": {
        "owner": "nixos",
        "ref": "nixos-unstable",
        "repo": "nixpkgs",
        "type": "github"
      }
    },
    "nixpkgs-lib": {
      "locked": {
        "dir": "lib",
        "lastModified": 1685564631,
        "narHash": "sha256-8ywr3AkblY4++3lIVxmrWZFzac7+f32ZEhH/A8pNscI=",
        "owner": "NixOS",
        "repo": "nixpkgs",
        "rev": "4f53efe34b3a8877ac923b9350c874e3dcd5dc0a",
        "type": "github"
      },
      "original": {
        "dir": "lib",
        "owner": "NixOS",
        "ref": "nixos-unstable",
        "repo": "nixpkgs",
        "type": "github"
      }
    },
    "nixpkgs-regression": {
      "locked": {
        "lastModified": 1643052045,
        "narHash": "sha256-uGJ0VXIhWKGXxkeNnq4TvV3CIOkUJ3PAoLZ3HMzNVMw=",
        "owner": "NixOS",
        "repo": "nixpkgs",
        "rev": "215d4d0fd80ca5163643b03a33fde804a29cc1e2",
        "type": "github"
      },
      "original": {
        "owner": "NixOS",
        "repo": "nixpkgs",
        "rev": "215d4d0fd80ca5163643b03a33fde804a29cc1e2",
        "type": "github"
      }
    },
    "nixpkgs-stable": {
      "locked": {
        "lastModified": 1687379288,
        "narHash": "sha256-cSuwfiqYfeVyqzCRkU9AvLTysmEuSal8nh6CYr+xWog=",
        "owner": "NixOS",
        "repo": "nixpkgs",
        "rev": "ef0bc3976340dab9a4e087a0bcff661a8b2e87f3",
        "type": "github"
      },
      "original": {
        "owner": "NixOS",
        "ref": "nixos-23.05",
        "repo": "nixpkgs",
        "type": "github"
      }
    },
    "nixpkgs-stable_2": {
      "locked": {
        "lastModified": 1685801374,
        "narHash": "sha256-otaSUoFEMM+LjBI1XL/xGB5ao6IwnZOXc47qhIgJe8U=",
        "owner": "NixOS",
        "repo": "nixpkgs",
        "rev": "c37ca420157f4abc31e26f436c1145f8951ff373",
        "type": "github"
      },
      "original": {
        "owner": "NixOS",
        "ref": "nixos-23.05",
        "repo": "nixpkgs",
        "type": "github"
      }
    },
    "nixpkgsV1": {
      "locked": {
        "lastModified": 1686501370,
        "narHash": "sha256-G0WuM9fqTPRc2URKP9Lgi5nhZMqsfHGrdEbrLvAPJcg=",
        "owner": "NixOS",
        "repo": "nixpkgs",
        "rev": "75a5ebf473cd60148ba9aec0d219f72e5cf52519",
        "type": "github"
      },
      "original": {
        "id": "nixpkgs",
        "ref": "nixos-unstable",
        "type": "indirect"
      }
    },
    "notracking": {
      "flake": false,
      "locked": {
        "lastModified": 1687518563,
        "narHash": "sha256-n611HeKdctUNzdwr2uUP8Z+A+KDiD1+I0UVb0+G2eWU=",
        "owner": "notracking",
        "repo": "hosts-blocklists",
        "rev": "99dfe36706fffc8b6544ad85dad53a52bd4b6ecd",
        "type": "github"
      },
      "original": {
        "owner": "notracking",
        "repo": "hosts-blocklists",
        "type": "github"
      }
    },
    "nur": {
      "locked": {
        "lastModified": 1687556775,
        "narHash": "sha256-S9x4QfySQRidECezFAZnbexH2rH0I9xEg7sc7bhr0d4=",
        "owner": "nix-community",
        "repo": "NUR",
        "rev": "97075d5eff644accef77e8635d89c481a86b0edd",
        "type": "github"
      },
      "original": {
        "owner": "nix-community",
        "repo": "NUR",
        "type": "github"
      }
    },
    "nushell": {
      "flake": false,
      "locked": {
        "lastModified": 1686091458,
        "narHash": "sha256-Hcr4mSx5qSMNe7/UTR6iXV3IyTBiRgfWS7vYf3FIxQA=",
        "owner": "nushell",
        "repo": "nushell",
        "rev": "5c81bcef1a3c1667468c81ef8c06cf56a0962133",
        "type": "github"
      },
      "original": {
        "owner": "nushell",
        "ref": "0.81.0",
        "repo": "nushell",
        "type": "github"
      }
    },
    "nushell-unstable": {
      "flake": false,
      "locked": {
        "lastModified": 1687555148,
        "narHash": "sha256-Jz0f6vs+/XG23CSxAg3Q2SUukNwEieqpwex0meeCYkk=",
        "owner": "nushell",
        "repo": "nushell",
        "rev": "761946c52207d138e77463c364b95a557b147052",
        "type": "github"
      },
      "original": {
        "owner": "nushell",
        "repo": "nushell",
        "type": "github"
      }
    },
    "persway": {
      "inputs": {
        "devshell": "devshell_2",
        "dream2nix": [
          "dream2nix"
        ],
        "fenix": [
          "fenix"
        ],
        "flake-utils": [
          "flake-utils"
        ],
        "nixpkgs": [
          "nixpkgs"
        ]
      },
      "locked": {
        "lastModified": 1686573437,
        "narHash": "sha256-AXBJNIYr7IWLd4NWQk4gS9D96hCukLb3NehNtKV51is=",
        "owner": "johnae",
        "repo": "persway",
        "rev": "5595bb841792c9465524297194548bb5f8d06039",
        "type": "github"
      },
      "original": {
        "owner": "johnae",
        "repo": "persway",
        "type": "github"
      }
    },
    "poetry2nix": {
      "flake": false,
      "locked": {
        "lastModified": 1666918719,
        "narHash": "sha256-BkK42fjAku+2WgCOv2/1NrPa754eQPV7gPBmoKQBWlc=",
        "owner": "nix-community",
        "repo": "poetry2nix",
        "rev": "289efb187123656a116b915206e66852f038720e",
        "type": "github"
      },
      "original": {
        "owner": "nix-community",
        "ref": "1.36.0",
        "repo": "poetry2nix",
        "type": "github"
      }
    },
    "pre-commit-hooks": {
      "inputs": {
        "flake-compat": [
          "flake-compat"
        ],
        "flake-utils": [
          "flake-utils"
        ],
        "gitignore": "gitignore",
        "nixpkgs": [
          "nixpkgs"
        ],
        "nixpkgs-stable": "nixpkgs-stable_2"
      },
      "locked": {
        "lastModified": 1687251716,
        "narHash": "sha256-+sFS41thsB5U+lY/dBYPSmU4AJ7nz/VdM1WD35fXVeM=",
        "owner": "cachix",
        "repo": "pre-commit-hooks.nix",
        "rev": "7807e1851d95828ed98491930d2d9e7ddbe65da4",
        "type": "github"
      },
      "original": {
        "owner": "cachix",
        "repo": "pre-commit-hooks.nix",
        "type": "github"
      }
    },
    "pruned-racket-catalog": {
      "flake": false,
      "locked": {
        "lastModified": 1672537287,
        "narHash": "sha256-SuOvXVcLfakw18oJB/PuRMyvGyGG1+CQD3R+TGHIv44=",
        "owner": "nix-community",
        "repo": "pruned-racket-catalog",
        "rev": "c8b89557fb53b36efa2ee48a769c7364df0f6262",
        "type": "github"
      },
      "original": {
        "owner": "nix-community",
        "ref": "catalog",
        "repo": "pruned-racket-catalog",
        "type": "github"
      }
    },
    "ristate": {
      "flake": false,
      "locked": {
        "lastModified": 1679671072,
        "narHash": "sha256-SlD2cWZ/5n1Iqu/Sl8gcqwG/q3sZJi+Xm6yVbSxNN4s=",
        "owner": "snakedye",
        "repo": "ristate",
        "rev": "24068579f628cb29d439b6bdcb8b018098eb9783",
        "type": "gitlab"
      },
      "original": {
        "owner": "snakedye",
        "repo": "ristate",
        "type": "gitlab"
      }
    },
    "rofi-wayland": {
      "flake": false,
      "locked": {
        "lastModified": 1679493688,
        "narHash": "sha256-8Hu9k84LNi+Gz8zJNE7AxYxmv8XXQz3cG7CFhv31fz4=",
        "owner": "lbonn",
        "repo": "rofi",
        "rev": "d06095b5ed40e5d28236b7b7b575ca867696d847",
        "type": "github"
      },
      "original": {
        "owner": "lbonn",
        "ref": "wayland",
        "repo": "rofi",
        "type": "github"
      }
    },
    "root": {
      "inputs": {
        "age-plugin-yubikey": "age-plugin-yubikey",
        "agenix": "agenix",
        "alejandra": "alejandra",
        "aml": "aml",
        "blur": "blur",
        "devenv": "devenv",
        "dream2nix": "dream2nix",
        "emacs-copilot": "emacs-copilot",
        "emacs-overlay": "emacs-overlay",
        "fenix": "fenix",
        "fire": "fire",
        "fish-kubectl-completions": "fish-kubectl-completions",
        "flake-compat": "flake-compat",
        "flake-parts": "flake-parts",
        "flake-utils": "flake-utils",
        "fluxcd-install": "fluxcd-install",
        "git-branchless": "git-branchless",
        "google-cloud-sdk-fish-completion": "google-cloud-sdk-fish-completion",
        "grim": "grim",
        "headscale": "headscale",
        "home-manager": "home-manager_2",
        "hwdata": "hwdata",
        "kile": "kile",
        "kured": "kured",
        "libdisplay-info": "libdisplay-info",
        "matrix-conduit": "matrix-conduit",
        "mk-shell-bin": "mk-shell-bin",
        "neatvnc": "neatvnc",
        "netns-exec": "netns-exec",
        "nix2container": "nix2container",
        "nixlib": "nixlib",
        "nixos-hardware": "nixos-hardware",
        "nixpkgs": "nixpkgs",
        "notracking": "notracking",
        "nur": "nur",
        "nushell": "nushell",
        "nushell-unstable": "nushell-unstable",
        "persway": "persway",
        "pre-commit-hooks": "pre-commit-hooks",
        "ristate": "ristate",
        "rofi-wayland": "rofi-wayland",
        "slurp": "slurp",
        "spotifyd": "spotifyd",
        "sway": "sway",
        "swaybg": "swaybg",
        "swayidle": "swayidle",
        "swaylock": "swaylock",
        "wayland-protocols-master": "wayland-protocols-master",
        "wayvnc": "wayvnc",
        "wl-clipboard": "wl-clipboard",
        "wlroots": "wlroots",
        "wlvncc": "wlvncc",
        "xdg-desktop-portal-wlr": "xdg-desktop-portal-wlr"
      }
    },
    "rust-analyzer-src": {
      "flake": false,
      "locked": {
        "lastModified": 1687460085,
        "narHash": "sha256-Npfu+4+KpgtZd/JX9wUaV3qP8dwbmoRd4s1NSehwyiE=",
        "owner": "rust-lang",
        "repo": "rust-analyzer",
        "rev": "403433a35559962ad0df91c0ae85ab03e918ba54",
        "type": "github"
      },
      "original": {
        "owner": "rust-lang",
        "ref": "nightly",
        "repo": "rust-analyzer",
        "type": "github"
      }
    },
    "slurp": {
      "flake": false,
      "locked": {
        "lastModified": 1685736200,
        "narHash": "sha256-qwH4xdAnSKbWuNXUdU/ZA8jR2XkS69p0UX04H9UiAww=",
        "owner": "emersion",
        "repo": "slurp",
        "rev": "aace1c09aabf38d447b2c181b080419b5ad4f85a",
        "type": "github"
      },
      "original": {
        "owner": "emersion",
        "repo": "slurp",
        "type": "github"
      }
    },
    "spotifyd": {
      "flake": false,
      "locked": {
        "lastModified": 1682375585,
        "narHash": "sha256-JEIQSi6JRF1gJpmFRtk4Bd1ktNrZ2OhHXQfjt5QwPOw=",
        "owner": "spotifyd",
        "repo": "spotifyd",
        "rev": "1c149822b13ba0b542f27aca353ee85fd78f97d4",
        "type": "github"
      },
      "original": {
        "owner": "spotifyd",
        "repo": "spotifyd",
        "type": "github"
      }
    },
    "sway": {
      "flake": false,
      "locked": {
        "lastModified": 1687535648,
        "narHash": "sha256-yIRurLYQIwzy8TL1l7rYtdXOsnaL4jxQb3wp8+uXw+g=",
        "owner": "swaywm",
        "repo": "sway",
        "rev": "7fbd9fbf2825f1c41468ac996aced9ba4b152992",
        "type": "github"
      },
      "original": {
        "owner": "swaywm",
        "repo": "sway",
        "type": "github"
      }
    },
    "swaybg": {
      "flake": false,
      "locked": {
        "lastModified": 1670172304,
        "narHash": "sha256-F8/g3NMmiFIaQsD9+Rl/unZegDglL5U0mOd5XkQGcLs=",
        "owner": "swaywm",
        "repo": "swaybg",
        "rev": "a67361ed48bd63d7f1bda7e61140c64aecc72b9a",
        "type": "github"
      },
      "original": {
        "owner": "swaywm",
        "repo": "swaybg",
        "type": "github"
      }
    },
    "swayidle": {
      "flake": false,
      "locked": {
        "lastModified": 1687516276,
        "narHash": "sha256-OTAia3IhLm8BraQmIHMcuHdSCe7WRLQr3kVbIcJhpDg=",
        "owner": "swaywm",
        "repo": "swayidle",
        "rev": "61d653fb7a752910f71efb3e7d08d75b266cf3ea",
        "type": "github"
      },
      "original": {
        "owner": "swaywm",
        "repo": "swayidle",
        "type": "github"
      }
    },
    "swaylock": {
      "flake": false,
      "locked": {
        "lastModified": 1686572263,
        "narHash": "sha256-wC3dfdVf5ViROImv/Fbf43mEqIn24f5Fi4C/7SJOG4c=",
        "owner": "swaywm",
        "repo": "swaylock",
        "rev": "2018673e1df020fba73870a9f65314d195d72769",
        "type": "github"
      },
      "original": {
        "owner": "swaywm",
        "repo": "swaylock",
        "type": "github"
      }
    },
    "systems": {
      "locked": {
        "lastModified": 1681028828,
        "narHash": "sha256-Vy1rq5AaRuLzOxct8nz4T6wlgyUR7zLU309k9mBC768=",
        "owner": "nix-systems",
        "repo": "default",
        "rev": "da67096a3b9bf56a91d16901293e51ba5b49a27e",
        "type": "github"
      },
      "original": {
        "owner": "nix-systems",
        "repo": "default",
        "type": "github"
      }
    },
    "wayland-protocols-master": {
      "flake": false,
      "locked": {
        "lastModified": 1684763267,
        "narHash": "sha256-hIu2Q0DnYHO/g0fbs1igR9vIHd5q7wSzYwNj1G/9RTg=",
        "ref": "main",
        "rev": "bbe9298e85220d8cd40ef802671ec575ba81367f",
        "revCount": 328,
        "type": "git",
        "url": "https://gitlab.freedesktop.org/wayland/wayland-protocols.git"
      },
      "original": {
        "ref": "main",
        "type": "git",
        "url": "https://gitlab.freedesktop.org/wayland/wayland-protocols.git"
      }
    },
    "wayvnc": {
      "flake": false,
      "locked": {
        "lastModified": 1682962541,
        "narHash": "sha256-lnbQfBdFP8hpqW4SJWWBTiAXr3McCyqhWvz1rBRAN0w=",
        "owner": "any1",
        "repo": "wayvnc",
        "rev": "945f5909d5ca65ba155fe2505585b4800e6dce02",
        "type": "github"
      },
      "original": {
        "owner": "any1",
        "repo": "wayvnc",
        "type": "github"
      }
    },
    "wl-clipboard": {
      "flake": false,
      "locked": {
        "lastModified": 1683149909,
        "narHash": "sha256-RxBW4In2ATAJ4v/cppXwwbNP6V9WgEI7GkHA6CHYQ24=",
        "owner": "bugaevc",
        "repo": "wl-clipboard",
        "rev": "61d5fa34b4722a1fb3ce7a83e2dbc413ffef863f",
        "type": "github"
      },
      "original": {
        "owner": "bugaevc",
        "repo": "wl-clipboard",
        "type": "github"
      }
    },
    "wlroots": {
      "flake": false,
      "locked": {
        "lastModified": 1687543646,
        "narHash": "sha256-7BZzPXs+EmIzxdC3h5YaL2nCw5fJFLpD43s4dj1xaro=",
        "ref": "master",
        "rev": "be050979684ae8779a56e4b0166cfb21d1935d35",
        "revCount": 6435,
        "type": "git",
        "url": "https://gitlab.freedesktop.org/wlroots/wlroots.git"
      },
      "original": {
        "ref": "master",
        "type": "git",
        "url": "https://gitlab.freedesktop.org/wlroots/wlroots.git"
      }
    },
    "wlvncc": {
      "flake": false,
      "locked": {
        "lastModified": 1672949061,
        "narHash": "sha256-0HbZEtDaLjr966RS+2GHc7N4nsivPIv57T/+AJliwUI=",
        "owner": "any1",
        "repo": "wlvncc",
        "rev": "2b9a886edd38204ef36e9f9f65dd32aaa3784530",
        "type": "github"
      },
      "original": {
        "owner": "any1",
        "repo": "wlvncc",
        "type": "github"
      }
    },
    "xdg-desktop-portal-wlr": {
      "flake": false,
      "locked": {
        "lastModified": 1681547546,
        "narHash": "sha256-EwBHkXFEPAEgVUGC/0e2Bae/rV5lec1ttfbJ5ce9cKw=",
        "owner": "emersion",
        "repo": "xdg-desktop-portal-wlr",
        "rev": "776113a4f014639c29d8de8fcb513493ef7b491f",
        "type": "github"
      },
      "original": {
        "owner": "emersion",
        "ref": "v0.7.0",
        "repo": "xdg-desktop-portal-wlr",
        "type": "github"
      }
    }
  },
  "root": "root",
  "version": 7
}
