{
  "nodes": {
    "age-plugin-yubikey": {
      "flake": false,
      "locked": {
        "lastModified": 1629473446,
        "narHash": "sha256-VaDnaV3sVAIPaPiFToJHvgXDN54MN+f24tHARVZ2liQ=",
        "owner": "str4d",
        "repo": "age-plugin-yubikey",
        "rev": "6042d5266f94b56d5b0702fe5fae4bbbd631613d",
        "type": "github"
      },
      "original": {
        "owner": "str4d",
        "repo": "age-plugin-yubikey",
        "type": "github"
      }
    },
    "blur": {
      "flake": false,
      "locked": {
        "lastModified": 1587558846,
        "narHash": "sha256-TASthWzI3HJTbnFj7GlHN939NUK7+UVRY7kQz/JkDus=",
        "owner": "johnae",
        "repo": "blur",
        "rev": "0d9da940995b1e47c5f26be57d6372c8702fb134",
        "type": "github"
      },
      "original": {
        "owner": "johnae",
        "repo": "blur",
        "type": "github"
      }
    },
    "emacs-overlay": {
      "locked": {
        "lastModified": 1635557938,
        "narHash": "sha256-rRfxzQqeGBJMCccXl3zLMdR/kJ6EyTIn7bhEwJIukLs=",
        "owner": "nix-community",
        "repo": "emacs-overlay",
        "rev": "9d3c41c90ff52da915e691075abe60e30dea41f5",
        "type": "github"
      },
      "original": {
        "owner": "nix-community",
        "repo": "emacs-overlay",
        "type": "github"
      }
    },
    "fenix": {
      "inputs": {
        "nixpkgs": [
          "nixpkgs"
        ],
        "rust-analyzer-src": "rust-analyzer-src"
      },
      "locked": {
        "lastModified": 1635488659,
        "narHash": "sha256-Rwd4f21V20R7Z+8YQLG1YC/+pbLLYb+ynhr5bTqmjO8=",
        "owner": "nix-community",
        "repo": "fenix",
        "rev": "655bcc0949974ca1dd404ec8ab5a1d91f2ae2cf0",
        "type": "github"
      },
      "original": {
        "owner": "nix-community",
        "repo": "fenix",
        "type": "github"
      }
    },
    "fire": {
      "flake": false,
      "locked": {
        "lastModified": 1545777901,
        "narHash": "sha256-fzzooNV4gt3cEYvl796i5I35zW/bCd4qPZoMjf/25tE=",
        "owner": "johnae",
        "repo": "fire",
        "rev": "2a64559b4364828b651305d89b76ba3f03661355",
        "type": "github"
      },
      "original": {
        "owner": "johnae",
        "repo": "fire",
        "type": "github"
      }
    },
    "fish-kubectl-completions": {
      "flake": false,
      "locked": {
        "lastModified": 1629115345,
        "narHash": "sha256-OYiYTW+g71vD9NWOcX1i2/TaQfAg+c2dJZ5ohwWSDCc=",
        "owner": "evanlucas",
        "repo": "fish-kubectl-completions",
        "rev": "ced676392575d618d8b80b3895cdc3159be3f628",
        "type": "github"
      },
      "original": {
        "owner": "evanlucas",
        "repo": "fish-kubectl-completions",
        "type": "github"
      }
    },
    "git-branchless": {
      "flake": false,
      "locked": {
        "lastModified": 1635494094,
        "narHash": "sha256-w/ehgT8mhAGd/KMP3OyqQMzAXa54fd1ZcUgXxC/HO4k=",
        "owner": "arxanas",
        "repo": "git-branchless",
        "rev": "331b7cf2a37d00a3d54ba5df00f3d702aa7b3948",
        "type": "github"
      },
      "original": {
        "owner": "arxanas",
        "repo": "git-branchless",
        "type": "github"
      }
    },
    "google-cloud-sdk-fish-completion": {
      "flake": false,
      "locked": {
        "lastModified": 1478342126,
        "narHash": "sha256-BIbzdxAj3mrf340l4hNkXwA13rIIFnC6BxM6YuJ7/w8=",
        "owner": "Doctusoft",
        "repo": "google-cloud-sdk-fish-completion",
        "rev": "bc24b0bf7da2addca377d89feece4487ca0b1e9c",
        "type": "github"
      },
      "original": {
        "owner": "Doctusoft",
        "repo": "google-cloud-sdk-fish-completion",
        "type": "github"
      }
    },
    "grim": {
      "flake": false,
      "locked": {
        "lastModified": 1633695165,
        "narHash": "sha256-sz8kxzvg3BQ20bZfeIZxYVKYb0g1uw7BukHZ1yYs2iI=",
        "owner": "emersion",
        "repo": "grim",
        "rev": "fcaba96aab42fbbbf4e424bee058c7af2561a0ef",
        "type": "github"
      },
      "original": {
        "owner": "emersion",
        "repo": "grim",
        "type": "github"
      }
    },
    "innernet": {
      "flake": false,
      "locked": {
        "lastModified": 1632196221,
        "narHash": "sha256-zy8iB2IcAH76pE0DXPAB74HS6U4nFFVZ7B7r8PMgwis=",
        "owner": "tonarino",
        "repo": "innernet",
        "rev": "c09d828414788c063ed56ceb769d7cb638af994e",
        "type": "github"
      },
      "original": {
        "owner": "tonarino",
        "repo": "innernet",
        "type": "github"
      }
    },
    "netns-exec": {
      "flake": false,
      "locked": {
        "lastModified": 1601501912,
        "narHash": "sha256-fDznTnWkS9dOeMB7G4YqEP0podWZlR7l4paMk+/bjmQ=",
        "owner": "johnae",
        "repo": "netns-exec",
        "rev": "748f29abbcdecbad6de0a347b68eb01e793e6317",
        "type": "github"
      },
      "original": {
        "owner": "johnae",
        "repo": "netns-exec",
        "type": "github"
      }
    },
    "nix-misc": {
      "inputs": {
        "nixlib": "nixlib"
      },
      "locked": {
        "lastModified": 1628153879,
        "narHash": "sha256-fL3masgY6dl0hySG182utvyV6BMl0RKx9EFIJR50FSw=",
        "owner": "johnae",
        "repo": "nix-misc",
        "rev": "3d0ef4a62f8f39be940ffa0798ce55526bd39a47",
        "type": "github"
      },
      "original": {
        "owner": "johnae",
        "repo": "nix-misc",
        "type": "github"
      }
    },
    "nixlib": {
      "locked": {
        "lastModified": 1627777762,
        "narHash": "sha256-Tiuvy3qzX0XYba5215U4x885y6QQrnFCEU6v7lZRn8A=",
        "owner": "nix-community",
        "repo": "nixpkgs.lib",
        "rev": "e3950f15efbebaa33d5252ab8c49d5ebb25423c6",
        "type": "github"
      },
      "original": {
        "owner": "nix-community",
        "repo": "nixpkgs.lib",
        "type": "github"
      }
    },
    "nixlib_2": {
      "locked": {
        "lastModified": 1624753224,
        "narHash": "sha256-ZUEcPzgU1w8ZYeEgfcpzeciYcZShQZbEfRN2tV+K2yQ=",
        "owner": "nix-community",
        "repo": "nixpkgs.lib",
        "rev": "7b4dc08734c5c4703b22b9c780417042e1c8f020",
        "type": "github"
      },
      "original": {
        "owner": "nix-community",
        "repo": "nixpkgs.lib",
        "type": "github"
      }
    },
    "nixos-generators": {
      "inputs": {
        "nixlib": "nixlib_2",
        "nixpkgs": [
          "nixpkgs"
        ]
      },
      "locked": {
        "lastModified": 1635491011,
        "narHash": "sha256-zjgtq4/WboqA+jFuxbX/QW0y2HSim4Pgs8W1tbmDaSA=",
        "owner": "nix-community",
        "repo": "nixos-generators",
        "rev": "ea58f35cba7365b2a661f2bd17fb35cbc7bff572",
        "type": "github"
      },
      "original": {
        "owner": "nix-community",
        "repo": "nixos-generators",
        "type": "github"
      }
    },
    "nixpkgs": {
      "locked": {
        "lastModified": 1635403963,
        "narHash": "sha256-0actzfzBAXvvDJ/EvPSGbtCPXUwSObQrcq0RpsPWZgA=",
        "owner": "nixos",
        "repo": "nixpkgs",
        "rev": "2deb07f3ac4eeb5de1c12c4ba2911a2eb1f6ed61",
        "type": "github"
      },
      "original": {
        "owner": "nixos",
        "ref": "nixos-unstable",
        "repo": "nixpkgs",
        "type": "github"
      }
    },
    "nixpkgs-fmt": {
      "flake": false,
      "locked": {
        "lastModified": 1631557044,
        "narHash": "sha256-5VPeqRvNhRxTv07NSvxQSXvtuGnrjWmmwss0PGhFzTI=",
        "owner": "nix-community",
        "repo": "nixpkgs-fmt",
        "rev": "c7f66ec1b969ed118231fdf7f596c5ed2c2cfe49",
        "type": "github"
      },
      "original": {
        "owner": "nix-community",
        "repo": "nixpkgs-fmt",
        "type": "github"
      }
    },
    "persway": {
      "inputs": {
        "fenix": [
          "fenix"
        ],
        "nixpkgs": [
          "nixpkgs"
        ]
      },
      "locked": {
        "lastModified": 1623319709,
        "narHash": "sha256-JMi8k82L9CmM6aKjyGfYIjHIfIv7KPihGdcKJUZOmJU=",
        "owner": "johnae",
        "repo": "persway",
        "rev": "2aa947a954574b5a10fe45301fb2ace3718134ae",
        "type": "github"
      },
      "original": {
        "owner": "johnae",
        "repo": "persway",
        "type": "github"
      }
    },
    "pueue": {
      "flake": false,
      "locked": {
        "lastModified": 1631730493,
        "narHash": "sha256-1uwAYqQTluB3ZxNF1WGXOrkM0t3SqKoC2cjFb5GLt00=",
        "owner": "Nukesor",
        "repo": "pueue",
        "rev": "7ebb52988e015894b7db846b150ed02221ab13d5",
        "type": "github"
      },
      "original": {
        "owner": "Nukesor",
        "repo": "pueue",
        "type": "github"
      }
    },
    "rofi-wayland": {
      "flake": false,
      "locked": {
        "lastModified": 1635185661,
        "narHash": "sha256-Rt9WqMUr9imZsoOJ+gT7ADk8OYf4UjLDeqWgOYi1v1I=",
        "owner": "lbonn",
        "repo": "rofi",
        "rev": "70efa84f9bdf46593ee9d1a11acfe0a6e1c899a7",
        "type": "github"
      },
      "original": {
        "owner": "lbonn",
        "ref": "wayland",
        "repo": "rofi",
        "type": "github"
      }
    },
    "root": {
      "inputs": {
        "age-plugin-yubikey": "age-plugin-yubikey",
        "blur": "blur",
        "emacs-overlay": "emacs-overlay",
        "fenix": "fenix",
        "fire": "fire",
        "fish-kubectl-completions": "fish-kubectl-completions",
        "git-branchless": "git-branchless",
        "google-cloud-sdk-fish-completion": "google-cloud-sdk-fish-completion",
        "grim": "grim",
        "innernet": "innernet",
        "netns-exec": "netns-exec",
        "nix-misc": "nix-misc",
        "nixos-generators": "nixos-generators",
        "nixpkgs": "nixpkgs",
        "nixpkgs-fmt": "nixpkgs-fmt",
        "persway": "persway",
        "pueue": "pueue",
        "rofi-wayland": "rofi-wayland",
        "slurp": "slurp",
        "spotifyd": "spotifyd",
        "spotnix": "spotnix",
        "sway": "sway",
        "swaybg": "swaybg",
        "swayidle": "swayidle",
        "swaylock": "swaylock",
        "wayland-protocols-master": "wayland-protocols-master",
        "wf-recorder": "wf-recorder",
        "wl-clipboard": "wl-clipboard",
        "wlroots": "wlroots",
        "xdg-desktop-portal-wlr": "xdg-desktop-portal-wlr"
      }
    },
    "rust-analyzer-src": {
      "flake": false,
      "locked": {
        "lastModified": 1635274542,
        "narHash": "sha256-Cew1/WUozM3jalItPuj4cNN8GIFMvCaJ1KXoj6wrHwE=",
        "owner": "rust-analyzer",
        "repo": "rust-analyzer",
        "rev": "dd43f3f2d13a32199828e758ddf13176df1f17f9",
        "type": "github"
      },
      "original": {
        "owner": "rust-analyzer",
        "ref": "nightly",
        "repo": "rust-analyzer",
        "type": "github"
      }
    },
    "slurp": {
      "flake": false,
      "locked": {
        "lastModified": 1631692603,
        "narHash": "sha256-qeSl997ialnPvCQZD/AP44ZquoRZzFk62fr+H2NyX4g=",
        "owner": "emersion",
        "repo": "slurp",
        "rev": "bd4b59ef7290345370f7eb591e08103920357af1",
        "type": "github"
      },
      "original": {
        "owner": "emersion",
        "repo": "slurp",
        "type": "github"
      }
    },
    "spotifyd": {
      "flake": false,
      "locked": {
        "lastModified": 1632228169,
        "narHash": "sha256-5Sc/o8jRWeHQGJfwWcTobK0JsCGcMFt73T96VjCF4nc=",
        "owner": "spotifyd",
        "repo": "spotifyd",
        "rev": "f4909621da43636185f2d2ffe4392178b8d654b6",
        "type": "github"
      },
      "original": {
        "owner": "spotifyd",
        "repo": "spotifyd",
        "type": "github"
      }
    },
    "spotnix": {
      "inputs": {
        "fenix": [
          "fenix"
        ],
        "nixpkgs": [
          "nixpkgs"
        ]
      },
      "locked": {
        "lastModified": 1633040128,
        "narHash": "sha256-Sri0v7T0bYrS6pXR2uW85QHp89FJ7mabfLda7joPaIk=",
        "owner": "johnae",
        "repo": "spotnix",
        "rev": "7cf906631c9c11bbdc3f69b015dd459687fa3683",
        "type": "github"
      },
      "original": {
        "owner": "johnae",
        "repo": "spotnix",
        "type": "github"
      }
    },
    "sway": {
      "flake": false,
      "locked": {
        "lastModified": 1635507478,
        "narHash": "sha256-FYBzDwNtZeUnp1KE0sLLfXKQ4GqkrMOFyBSgMYpyrAk=",
        "owner": "swaywm",
        "repo": "sway",
        "rev": "9969de9e00a1ca89ded85d418a72c4ebbce91331",
        "type": "github"
      },
      "original": {
        "owner": "swaywm",
        "repo": "sway",
        "type": "github"
      }
    },
    "swaybg": {
      "flake": false,
      "locked": {
        "lastModified": 1633072535,
        "narHash": "sha256-BGvgjwoSKodQyEs5lTIHwXHpJ9PpaD0BN8XcDkI3BJ8=",
        "owner": "swaywm",
        "repo": "swaybg",
        "rev": "5e2df3a600e07b71923c28a8cd51861289319c91",
        "type": "github"
      },
      "original": {
        "owner": "swaywm",
        "repo": "swaybg",
        "type": "github"
      }
    },
    "swayidle": {
      "flake": false,
      "locked": {
        "lastModified": 1629194033,
        "narHash": "sha256-5hUBJhc2PWzMv5gXc6SayDTZJVAFrXAYAqNaWETRfoc=",
        "owner": "swaywm",
        "repo": "swayidle",
        "rev": "0467c1e03a5780ed8e3ba611f099a838822ab550",
        "type": "github"
      },
      "original": {
        "owner": "swaywm",
        "repo": "swayidle",
        "type": "github"
      }
    },
    "swaylock": {
      "flake": false,
      "locked": {
        "lastModified": 1627542519,
        "narHash": "sha256-K9WdqSJVoGzT1NLTjAqxEp+Y3zzuFx3ouo2R4mHFgLM=",
        "owner": "swaywm",
        "repo": "swaylock",
        "rev": "2bf76009e1d279a4194d37b9ee4f2bf0d9424d62",
        "type": "github"
      },
      "original": {
        "owner": "swaywm",
        "repo": "swaylock",
        "type": "github"
      }
    },
    "wayland-protocols-master": {
      "flake": false,
      "locked": {
        "lastModified": 1634135846,
        "narHash": "sha256-YclRsbhOkfIO4yCsmTkkESGrssmz/D00ncKuSsGDCzc=",
        "ref": "main",
        "rev": "ce82f16624107de6c7ae940ed71957eedbcda8db",
        "revCount": 251,
        "type": "git",
        "url": "https://gitlab.freedesktop.org/wayland/wayland-protocols"
      },
      "original": {
        "ref": "main",
        "type": "git",
        "url": "https://gitlab.freedesktop.org/wayland/wayland-protocols"
      }
    },
    "wf-recorder": {
      "flake": false,
      "locked": {
        "lastModified": 1623402216,
        "narHash": "sha256-q66EbdFTHA8abwroohVyObRb0kVQv3iyUlLdpCSYVG0=",
        "owner": "ammen99",
        "repo": "wf-recorder",
        "rev": "5e628c46cd949e43259fd0a0599b3c7bd3a6f895",
        "type": "github"
      },
      "original": {
        "owner": "ammen99",
        "repo": "wf-recorder",
        "type": "github"
      }
    },
    "wl-clipboard": {
      "flake": false,
      "locked": {
        "lastModified": 1626804381,
        "narHash": "sha256-DRs4Fxc4AL7fC+hKM9/km/OmtQWrrrM/gMMmZn7HXBQ=",
        "owner": "bugaevc",
        "repo": "wl-clipboard",
        "rev": "297ab2a6fdd34c15c5eb3eb427be8daf753bcfd7",
        "type": "github"
      },
      "original": {
        "owner": "bugaevc",
        "repo": "wl-clipboard",
        "type": "github"
      }
    },
    "wlroots": {
      "flake": false,
      "locked": {
        "lastModified": 1635512597,
        "narHash": "sha256-lW1DiJAWrdan0by4NzIqhwnXdCKtWLiNXXp8lYjweH0=",
        "owner": "swaywm",
        "repo": "wlroots",
        "rev": "83090de0340e020c75cca9f28e74cf5413dabd04",
        "type": "github"
      },
      "original": {
        "owner": "swaywm",
        "repo": "wlroots",
        "type": "github"
      }
    },
    "xdg-desktop-portal-wlr": {
      "flake": false,
      "locked": {
        "lastModified": 1622010938,
        "narHash": "sha256-O3rn7S0VDmhdmPMBt+4/wsOBA2B3JYl0JxNauRD8y40=",
        "owner": "emersion",
        "repo": "xdg-desktop-portal-wlr",
        "rev": "28a82d05685dfe23be2adc798537a2db6bb98a7f",
        "type": "github"
      },
      "original": {
        "owner": "emersion",
        "ref": "v0.4.0",
        "repo": "xdg-desktop-portal-wlr",
        "type": "github"
      }
    }
  },
  "root": "root",
  "version": 7
}
