{
  "nodes": {
    "age-plugin-yubikey": {
      "flake": false,
      "locked": {
        "lastModified": 1619920282,
        "narHash": "sha256-9EvNphIe6wXuVuEWZvDINz2S74OInubBw7Kq/OamRdY=",
        "owner": "str4d",
        "repo": "age-plugin-yubikey",
        "rev": "0bbea83abfaf1aff9509953767fdbc4226cab4d9",
        "type": "github"
      },
      "original": {
        "owner": "str4d",
        "repo": "age-plugin-yubikey",
        "type": "github"
      }
    },
    "blur": {
      "flake": false,
      "locked": {
        "lastModified": 1587558846,
        "narHash": "sha256-TASthWzI3HJTbnFj7GlHN939NUK7+UVRY7kQz/JkDus=",
        "owner": "johnae",
        "repo": "blur",
        "rev": "0d9da940995b1e47c5f26be57d6372c8702fb134",
        "type": "github"
      },
      "original": {
        "owner": "johnae",
        "repo": "blur",
        "type": "github"
      }
    },
    "emacs-overlay": {
      "locked": {
        "lastModified": 1629394195,
        "narHash": "sha256-sQd4rpr++1MW7lW1gWYOwxZZgEFtwrs+uqeaKphDgDI=",
        "owner": "nix-community",
        "repo": "emacs-overlay",
        "rev": "cc9b39e277c089cbbd1a51043c5614ec524c2606",
        "type": "github"
      },
      "original": {
        "owner": "nix-community",
        "repo": "emacs-overlay",
        "type": "github"
      }
    },
    "fenix": {
      "inputs": {
        "nixpkgs": [
          "nixpkgs"
        ],
        "rust-analyzer-src": "rust-analyzer-src"
      },
      "locked": {
        "lastModified": 1629339842,
        "narHash": "sha256-2MYl9QYgqmtT+sc8N+47bkUT3iiw8PzgX0LXyYWYYC4=",
        "owner": "nix-community",
        "repo": "fenix",
        "rev": "eb8ec69d2c31d416f8c5f6eacb1425a573961f10",
        "type": "github"
      },
      "original": {
        "owner": "nix-community",
        "repo": "fenix",
        "type": "github"
      }
    },
    "fire": {
      "flake": false,
      "locked": {
        "lastModified": 1545777901,
        "narHash": "sha256-fzzooNV4gt3cEYvl796i5I35zW/bCd4qPZoMjf/25tE=",
        "owner": "johnae",
        "repo": "fire",
        "rev": "2a64559b4364828b651305d89b76ba3f03661355",
        "type": "github"
      },
      "original": {
        "owner": "johnae",
        "repo": "fire",
        "type": "github"
      }
    },
    "fish-kubectl-completions": {
      "flake": false,
      "locked": {
        "lastModified": 1629115345,
        "narHash": "sha256-OYiYTW+g71vD9NWOcX1i2/TaQfAg+c2dJZ5ohwWSDCc=",
        "owner": "evanlucas",
        "repo": "fish-kubectl-completions",
        "rev": "ced676392575d618d8b80b3895cdc3159be3f628",
        "type": "github"
      },
      "original": {
        "owner": "evanlucas",
        "repo": "fish-kubectl-completions",
        "type": "github"
      }
    },
    "google-cloud-sdk-fish-completion": {
      "flake": false,
      "locked": {
        "lastModified": 1478342126,
        "narHash": "sha256-BIbzdxAj3mrf340l4hNkXwA13rIIFnC6BxM6YuJ7/w8=",
        "owner": "Doctusoft",
        "repo": "google-cloud-sdk-fish-completion",
        "rev": "bc24b0bf7da2addca377d89feece4487ca0b1e9c",
        "type": "github"
      },
      "original": {
        "owner": "Doctusoft",
        "repo": "google-cloud-sdk-fish-completion",
        "type": "github"
      }
    },
    "grim": {
      "flake": false,
      "locked": {
        "lastModified": 1628859280,
        "narHash": "sha256-v2UxQGLw30rNIcxMus/aHG5YhLAFNe394TGPxlYt7qQ=",
        "owner": "emersion",
        "repo": "grim",
        "rev": "e1cdbf0fdf1f16782a6c86b4ff97c8d87a60e3ca",
        "type": "github"
      },
      "original": {
        "owner": "emersion",
        "repo": "grim",
        "type": "github"
      }
    },
    "netns-exec": {
      "flake": false,
      "locked": {
        "lastModified": 1601501912,
        "narHash": "sha256-fDznTnWkS9dOeMB7G4YqEP0podWZlR7l4paMk+/bjmQ=",
        "owner": "johnae",
        "repo": "netns-exec",
        "rev": "748f29abbcdecbad6de0a347b68eb01e793e6317",
        "type": "github"
      },
      "original": {
        "owner": "johnae",
        "repo": "netns-exec",
        "type": "github"
      }
    },
    "nix-misc": {
      "inputs": {
        "nixlib": "nixlib"
      },
      "locked": {
        "lastModified": 1628153879,
        "narHash": "sha256-fL3masgY6dl0hySG182utvyV6BMl0RKx9EFIJR50FSw=",
        "owner": "johnae",
        "repo": "nix-misc",
        "rev": "3d0ef4a62f8f39be940ffa0798ce55526bd39a47",
        "type": "github"
      },
      "original": {
        "owner": "johnae",
        "repo": "nix-misc",
        "type": "github"
      }
    },
    "nixlib": {
      "locked": {
        "lastModified": 1627777762,
        "narHash": "sha256-Tiuvy3qzX0XYba5215U4x885y6QQrnFCEU6v7lZRn8A=",
        "owner": "nix-community",
        "repo": "nixpkgs.lib",
        "rev": "e3950f15efbebaa33d5252ab8c49d5ebb25423c6",
        "type": "github"
      },
      "original": {
        "owner": "nix-community",
        "repo": "nixpkgs.lib",
        "type": "github"
      }
    },
    "nixlib_2": {
      "locked": {
        "lastModified": 1624753224,
        "narHash": "sha256-ZUEcPzgU1w8ZYeEgfcpzeciYcZShQZbEfRN2tV+K2yQ=",
        "owner": "nix-community",
        "repo": "nixpkgs.lib",
        "rev": "7b4dc08734c5c4703b22b9c780417042e1c8f020",
        "type": "github"
      },
      "original": {
        "owner": "nix-community",
        "repo": "nixpkgs.lib",
        "type": "github"
      }
    },
    "nixos-generators": {
      "inputs": {
        "nixlib": "nixlib_2",
        "nixpkgs": [
          "nixpkgs"
        ]
      },
      "locked": {
        "lastModified": 1624973746,
        "narHash": "sha256-11JbJRduNwyf556gndGErR5/12ceyHOHBfEuha5Vws4=",
        "owner": "nix-community",
        "repo": "nixos-generators",
        "rev": "022ef440af8dc237ab1f59fa363cb1e25783ec3e",
        "type": "github"
      },
      "original": {
        "owner": "nix-community",
        "repo": "nixos-generators",
        "type": "github"
      }
    },
    "nixpkgs": {
      "locked": {
        "lastModified": 1629292755,
        "narHash": "sha256-5xMo32NVLnloY9DveqwJO/Cab1+PbTMPqU4WMmawX5M=",
        "owner": "nixos",
        "repo": "nixpkgs",
        "rev": "253aecf69ed7595aaefabde779aa6449195bebb7",
        "type": "github"
      },
      "original": {
        "owner": "nixos",
        "ref": "nixos-unstable",
        "repo": "nixpkgs",
        "type": "github"
      }
    },
    "nixpkgs-fmt": {
      "flake": false,
      "locked": {
        "lastModified": 1629221838,
        "narHash": "sha256-EoEvct3Y1g8zEnprtKuTGEQNo1D/dQRz3AmeKSq5UP4=",
        "owner": "nix-community",
        "repo": "nixpkgs-fmt",
        "rev": "7849a089bd876dc9ddf529513d887593b9be059c",
        "type": "github"
      },
      "original": {
        "owner": "nix-community",
        "repo": "nixpkgs-fmt",
        "type": "github"
      }
    },
    "persway": {
      "inputs": {
        "fenix": [
          "fenix"
        ],
        "nixpkgs": [
          "nixpkgs"
        ]
      },
      "locked": {
        "lastModified": 1623319709,
        "narHash": "sha256-JMi8k82L9CmM6aKjyGfYIjHIfIv7KPihGdcKJUZOmJU=",
        "owner": "johnae",
        "repo": "persway",
        "rev": "2aa947a954574b5a10fe45301fb2ace3718134ae",
        "type": "github"
      },
      "original": {
        "owner": "johnae",
        "repo": "persway",
        "type": "github"
      }
    },
    "rofi-nord-theme": {
      "flake": false,
      "locked": {
        "lastModified": 1587642235,
        "narHash": "sha256-VnFOd97f4R5vXkI+NxZIMJoXeu2Z6euOOecKS5Y2RxI=",
        "owner": "undiabler",
        "repo": "nord-rofi-theme",
        "rev": "81bd16401708a5ed5df9bc6ec95dcf981c7de4e5",
        "type": "github"
      },
      "original": {
        "owner": "undiabler",
        "repo": "nord-rofi-theme",
        "type": "github"
      }
    },
    "rofi-wayland": {
      "flake": false,
      "locked": {
        "lastModified": 1606328287,
        "narHash": "sha256-xgXGPkSwRhAHEaWSiwYrQRI2Km/KaFFoXMHBgU6cRSQ=",
        "owner": "lbonn",
        "repo": "rofi",
        "rev": "ab1ce4a4ca3ea236af1cbf13ec60ecc27b7e8fb8",
        "type": "github"
      },
      "original": {
        "owner": "lbonn",
        "ref": "wayland",
        "repo": "rofi",
        "type": "github"
      }
    },
    "root": {
      "inputs": {
        "age-plugin-yubikey": "age-plugin-yubikey",
        "blur": "blur",
        "emacs-overlay": "emacs-overlay",
        "fenix": "fenix",
        "fire": "fire",
        "fish-kubectl-completions": "fish-kubectl-completions",
        "google-cloud-sdk-fish-completion": "google-cloud-sdk-fish-completion",
        "grim": "grim",
        "netns-exec": "netns-exec",
        "nix-misc": "nix-misc",
        "nixos-generators": "nixos-generators",
        "nixpkgs": "nixpkgs",
        "nixpkgs-fmt": "nixpkgs-fmt",
        "persway": "persway",
        "rofi-nord-theme": "rofi-nord-theme",
        "rofi-wayland": "rofi-wayland",
        "slurp": "slurp",
        "spook": "spook",
        "spotifyd": "spotifyd",
        "spotnix": "spotnix",
        "sway": "sway",
        "swaybg": "swaybg",
        "swayidle": "swayidle",
        "swaylock": "swaylock",
        "wf-recorder": "wf-recorder",
        "wl-clipboard": "wl-clipboard",
        "wlroots": "wlroots",
        "xdg-desktop-portal-wlr": "xdg-desktop-portal-wlr"
      }
    },
    "rust-analyzer-src": {
      "flake": false,
      "locked": {
        "lastModified": 1629291893,
        "narHash": "sha256-alfeAMGBBP3ZLDGucwW1LJcsF0x5VLn7T3jMwx2bFPU=",
        "owner": "rust-analyzer",
        "repo": "rust-analyzer",
        "rev": "ee4505f396249234bba05bfdbd14ae2a9d813004",
        "type": "github"
      },
      "original": {
        "owner": "rust-analyzer",
        "ref": "nightly",
        "repo": "rust-analyzer",
        "type": "github"
      }
    },
    "slurp": {
      "flake": false,
      "locked": {
        "lastModified": 1625488132,
        "narHash": "sha256-D9vOo7yu+ddEpno7zo8H47+zvzTbQWp8hByUjlJ8XbI=",
        "owner": "emersion",
        "repo": "slurp",
        "rev": "4eaad7dbc67b66f72ca0fab8a327e59a317e7015",
        "type": "github"
      },
      "original": {
        "owner": "emersion",
        "repo": "slurp",
        "type": "github"
      }
    },
    "spook": {
      "inputs": {
        "nix-misc": [
          "nix-misc"
        ],
        "nixpkgs": [
          "nixpkgs"
        ]
      },
      "locked": {
        "lastModified": 1620680797,
        "narHash": "sha256-LsxwACs/o0g0JutA8WCi3bcu3J178LmZJmya6ZtBFKM=",
        "owner": "johnae",
        "repo": "spook",
        "rev": "f2795859143586f06b180b30870fa838d32a3ef9",
        "type": "github"
      },
      "original": {
        "owner": "johnae",
        "repo": "spook",
        "type": "github"
      }
    },
    "spotifyd": {
      "flake": false,
      "locked": {
        "lastModified": 1624017875,
        "narHash": "sha256-TkQu3aGS+el7IvBTczT2hCoUqeTHxCaHE4TCoZJNuzY=",
        "owner": "spotifyd",
        "repo": "spotifyd",
        "rev": "d6b1ea515c7a0315a0809d5e80d4c900180738cf",
        "type": "github"
      },
      "original": {
        "owner": "spotifyd",
        "repo": "spotifyd",
        "type": "github"
      }
    },
    "spotnix": {
      "inputs": {
        "fenix": [
          "fenix"
        ],
        "nixpkgs": [
          "nixpkgs"
        ]
      },
      "locked": {
        "lastModified": 1628324523,
        "narHash": "sha256-hWy1ped/ncPnzKRdz7gDTNA24MiDvECC5VAWYXKPzlc=",
        "owner": "johnae",
        "repo": "spotnix",
        "rev": "de86b5c16b14f6cc764aff3aeda75e3dc0e6882f",
        "type": "github"
      },
      "original": {
        "owner": "johnae",
        "repo": "spotnix",
        "type": "github"
      }
    },
    "sway": {
      "flake": false,
      "locked": {
        "lastModified": 1629389189,
        "narHash": "sha256-XzfhmVSSEy7Yhlh8QR+ZSgaW6eowlK2Kn8BHjzB4npE=",
        "owner": "swaywm",
        "repo": "sway",
        "rev": "bb3fd0abc56f39e35dc7f4e86f25da1b4a6efbd7",
        "type": "github"
      },
      "original": {
        "owner": "swaywm",
        "repo": "sway",
        "type": "github"
      }
    },
    "swaybg": {
      "flake": false,
      "locked": {
        "lastModified": 1626694029,
        "narHash": "sha256-5hTgK0aTkkoEXpMeViKHWFnxyZF9Mdo1DcxwzRNGoJw=",
        "owner": "swaywm",
        "repo": "swaybg",
        "rev": "96cf26d605d491d0cbb9e931c0bf8dcd28258e52",
        "type": "github"
      },
      "original": {
        "owner": "swaywm",
        "repo": "swaybg",
        "type": "github"
      }
    },
    "swayidle": {
      "flake": false,
      "locked": {
        "lastModified": 1629194033,
        "narHash": "sha256-5hUBJhc2PWzMv5gXc6SayDTZJVAFrXAYAqNaWETRfoc=",
        "owner": "swaywm",
        "repo": "swayidle",
        "rev": "0467c1e03a5780ed8e3ba611f099a838822ab550",
        "type": "github"
      },
      "original": {
        "owner": "swaywm",
        "repo": "swayidle",
        "type": "github"
      }
    },
    "swaylock": {
      "flake": false,
      "locked": {
        "lastModified": 1627542519,
        "narHash": "sha256-K9WdqSJVoGzT1NLTjAqxEp+Y3zzuFx3ouo2R4mHFgLM=",
        "owner": "swaywm",
        "repo": "swaylock",
        "rev": "2bf76009e1d279a4194d37b9ee4f2bf0d9424d62",
        "type": "github"
      },
      "original": {
        "owner": "swaywm",
        "repo": "swaylock",
        "type": "github"
      }
    },
    "wf-recorder": {
      "flake": false,
      "locked": {
        "lastModified": 1623402216,
        "narHash": "sha256-q66EbdFTHA8abwroohVyObRb0kVQv3iyUlLdpCSYVG0=",
        "owner": "ammen99",
        "repo": "wf-recorder",
        "rev": "5e628c46cd949e43259fd0a0599b3c7bd3a6f895",
        "type": "github"
      },
      "original": {
        "owner": "ammen99",
        "repo": "wf-recorder",
        "type": "github"
      }
    },
    "wl-clipboard": {
      "flake": false,
      "locked": {
        "lastModified": 1626804381,
        "narHash": "sha256-DRs4Fxc4AL7fC+hKM9/km/OmtQWrrrM/gMMmZn7HXBQ=",
        "owner": "bugaevc",
        "repo": "wl-clipboard",
        "rev": "297ab2a6fdd34c15c5eb3eb427be8daf753bcfd7",
        "type": "github"
      },
      "original": {
        "owner": "bugaevc",
        "repo": "wl-clipboard",
        "type": "github"
      }
    },
    "wlroots": {
      "flake": false,
      "locked": {
        "lastModified": 1629398856,
        "narHash": "sha256-8ZvTSHDXkPoXoUjX6+0jeleGhtPupKc2o+LJNGFVg3g=",
        "owner": "swaywm",
        "repo": "wlroots",
        "rev": "18c2dce65ed0dacdb3920357be695c2b263ada54",
        "type": "github"
      },
      "original": {
        "owner": "swaywm",
        "repo": "wlroots",
        "type": "github"
      }
    },
    "xdg-desktop-portal-wlr": {
      "flake": false,
      "locked": {
        "lastModified": 1613380949,
        "narHash": "sha256-3WnWHn/YVrgEKI05tM5jnzxzBU3HUIh+EbyHFYcHX+4=",
        "owner": "emersion",
        "repo": "xdg-desktop-portal-wlr",
        "rev": "e103e120e20e83acec5b66ce4cd33a0eb86df0b0",
        "type": "github"
      },
      "original": {
        "owner": "emersion",
        "ref": "v0.2.0",
        "repo": "xdg-desktop-portal-wlr",
        "type": "github"
      }
    }
  },
  "root": "root",
  "version": 7
}
