{
  "nodes": {
    "age-plugin-yubikey": {
      "flake": false,
      "locked": {
        "lastModified": 1619920282,
        "narHash": "sha256-9EvNphIe6wXuVuEWZvDINz2S74OInubBw7Kq/OamRdY=",
        "owner": "str4d",
        "repo": "age-plugin-yubikey",
        "rev": "0bbea83abfaf1aff9509953767fdbc4226cab4d9",
        "type": "github"
      },
      "original": {
        "owner": "str4d",
        "repo": "age-plugin-yubikey",
        "type": "github"
      }
    },
    "blur": {
      "flake": false,
      "locked": {
        "lastModified": 1587558846,
        "narHash": "sha256-TASthWzI3HJTbnFj7GlHN939NUK7+UVRY7kQz/JkDus=",
        "owner": "johnae",
        "repo": "blur",
        "rev": "0d9da940995b1e47c5f26be57d6372c8702fb134",
        "type": "github"
      },
      "original": {
        "owner": "johnae",
        "repo": "blur",
        "type": "github"
      }
    },
    "emacs-overlay": {
      "locked": {
        "lastModified": 1626972035,
        "narHash": "sha256-YhBtnKmLDYiEzP5ZEMEQMg6oMP5EV+ToCkku7ZYfL+A=",
        "owner": "nix-community",
        "repo": "emacs-overlay",
        "rev": "be04b45efb35db58e6ac6aa86b84f850c85b5dfe",
        "type": "github"
      },
      "original": {
        "owner": "nix-community",
        "repo": "emacs-overlay",
        "type": "github"
      }
    },
    "fenix": {
      "inputs": {
        "nixpkgs": [
          "nixpkgs"
        ],
        "rust-analyzer-src": "rust-analyzer-src"
      },
      "locked": {
        "lastModified": 1626921046,
        "narHash": "sha256-B8aPIafJiJw9sBsPL84mNclBN04UiMBpHDmmZNxZfzE=",
        "owner": "nix-community",
        "repo": "fenix",
        "rev": "17a814fb3b750c370942dc9bb9693befe14b2c0a",
        "type": "github"
      },
      "original": {
        "owner": "nix-community",
        "repo": "fenix",
        "type": "github"
      }
    },
    "fire": {
      "flake": false,
      "locked": {
        "lastModified": 1545777901,
        "narHash": "sha256-fzzooNV4gt3cEYvl796i5I35zW/bCd4qPZoMjf/25tE=",
        "owner": "johnae",
        "repo": "fire",
        "rev": "2a64559b4364828b651305d89b76ba3f03661355",
        "type": "github"
      },
      "original": {
        "owner": "johnae",
        "repo": "fire",
        "type": "github"
      }
    },
    "fish-kubectl-completions": {
      "flake": false,
      "locked": {
        "lastModified": 1611251826,
        "narHash": "sha256-+jo6Zx6nlA5QhQ+3Vru+QbKjCwIxPEvrlKWctffG3OQ=",
        "owner": "evanlucas",
        "repo": "fish-kubectl-completions",
        "rev": "bbe3b831bcf8c0511fceb0607e4e7511c73e8c71",
        "type": "github"
      },
      "original": {
        "owner": "evanlucas",
        "repo": "fish-kubectl-completions",
        "type": "github"
      }
    },
    "google-cloud-sdk-fish-completion": {
      "flake": false,
      "locked": {
        "lastModified": 1478342126,
        "narHash": "sha256-BIbzdxAj3mrf340l4hNkXwA13rIIFnC6BxM6YuJ7/w8=",
        "owner": "Doctusoft",
        "repo": "google-cloud-sdk-fish-completion",
        "rev": "bc24b0bf7da2addca377d89feece4487ca0b1e9c",
        "type": "github"
      },
      "original": {
        "owner": "Doctusoft",
        "repo": "google-cloud-sdk-fish-completion",
        "type": "github"
      }
    },
    "grim": {
      "flake": false,
      "locked": {
        "lastModified": 1625487514,
        "narHash": "sha256-fZXtdzG1tQfhgYff78UFQ6JlHjzLHIVMBEqsCyEfzDc=",
        "owner": "emersion",
        "repo": "grim",
        "rev": "c7ef385b55e086e0cf8273299b9190ae06c6c6af",
        "type": "github"
      },
      "original": {
        "owner": "emersion",
        "repo": "grim",
        "type": "github"
      }
    },
    "netns-exec": {
      "flake": false,
      "locked": {
        "lastModified": 1601501912,
        "narHash": "sha256-fDznTnWkS9dOeMB7G4YqEP0podWZlR7l4paMk+/bjmQ=",
        "owner": "johnae",
        "repo": "netns-exec",
        "rev": "748f29abbcdecbad6de0a347b68eb01e793e6317",
        "type": "github"
      },
      "original": {
        "owner": "johnae",
        "repo": "netns-exec",
        "type": "github"
      }
    },
    "nix-misc": {
      "inputs": {
        "nixpkgs": [
          "nixpkgs"
        ]
      },
      "locked": {
        "lastModified": 1620680677,
        "narHash": "sha256-N5UFEiBgf3QHxsZqgTT1YE29dnZAv8wnD6kK1LIyuPY=",
        "owner": "johnae",
        "repo": "nix-misc",
        "rev": "c40722f5e77d32bba72e91aa6d8d1dcf2135f314",
        "type": "github"
      },
      "original": {
        "owner": "johnae",
        "repo": "nix-misc",
        "type": "github"
      }
    },
    "nixlib": {
      "locked": {
        "lastModified": 1624753224,
        "narHash": "sha256-ZUEcPzgU1w8ZYeEgfcpzeciYcZShQZbEfRN2tV+K2yQ=",
        "owner": "nix-community",
        "repo": "nixpkgs.lib",
        "rev": "7b4dc08734c5c4703b22b9c780417042e1c8f020",
        "type": "github"
      },
      "original": {
        "owner": "nix-community",
        "repo": "nixpkgs.lib",
        "type": "github"
      }
    },
    "nixos-generators": {
      "inputs": {
        "nixlib": "nixlib",
        "nixpkgs": [
          "nixpkgs"
        ]
      },
      "locked": {
        "lastModified": 1624973746,
        "narHash": "sha256-11JbJRduNwyf556gndGErR5/12ceyHOHBfEuha5Vws4=",
        "owner": "nix-community",
        "repo": "nixos-generators",
        "rev": "022ef440af8dc237ab1f59fa363cb1e25783ec3e",
        "type": "github"
      },
      "original": {
        "owner": "nix-community",
        "repo": "nixos-generators",
        "type": "github"
      }
    },
    "nixpkgs": {
      "locked": {
        "lastModified": 1627003206,
        "narHash": "sha256-xSrMaKKBwsMfDsqoDZ1d96FK9chnL2j2KY8hnkQdL7U=",
        "owner": "NixOS",
        "repo": "nixpkgs",
        "rev": "0eaa40b01d7a88b3787e01093d3f7bb711ad35ab",
        "type": "github"
      },
      "original": {
        "id": "nixpkgs",
        "type": "indirect"
      }
    },
    "nixpkgs-fmt": {
      "flake": false,
      "locked": {
        "lastModified": 1624796189,
        "narHash": "sha256-fcxfBWfPy4J9ufGkrBtpgbtQtFMQrTLRJt3iWjCIR5M=",
        "owner": "nix-community",
        "repo": "nixpkgs-fmt",
        "rev": "1d773768ba9941c934f55a8815260cadd27ea9bd",
        "type": "github"
      },
      "original": {
        "owner": "nix-community",
        "repo": "nixpkgs-fmt",
        "type": "github"
      }
    },
    "persway": {
      "inputs": {
        "fenix": [
          "fenix"
        ],
        "nixpkgs": [
          "nixpkgs"
        ]
      },
      "locked": {
        "lastModified": 1623319709,
        "narHash": "sha256-JMi8k82L9CmM6aKjyGfYIjHIfIv7KPihGdcKJUZOmJU=",
        "owner": "johnae",
        "repo": "persway",
        "rev": "2aa947a954574b5a10fe45301fb2ace3718134ae",
        "type": "github"
      },
      "original": {
        "owner": "johnae",
        "repo": "persway",
        "type": "github"
      }
    },
    "rofi-nord-theme": {
      "flake": false,
      "locked": {
        "lastModified": 1587642235,
        "narHash": "sha256-VnFOd97f4R5vXkI+NxZIMJoXeu2Z6euOOecKS5Y2RxI=",
        "owner": "undiabler",
        "repo": "nord-rofi-theme",
        "rev": "81bd16401708a5ed5df9bc6ec95dcf981c7de4e5",
        "type": "github"
      },
      "original": {
        "owner": "undiabler",
        "repo": "nord-rofi-theme",
        "type": "github"
      }
    },
    "rofi-wayland": {
      "flake": false,
      "locked": {
        "lastModified": 1606328287,
        "narHash": "sha256-xgXGPkSwRhAHEaWSiwYrQRI2Km/KaFFoXMHBgU6cRSQ=",
        "owner": "lbonn",
        "repo": "rofi",
        "rev": "ab1ce4a4ca3ea236af1cbf13ec60ecc27b7e8fb8",
        "type": "github"
      },
      "original": {
        "owner": "lbonn",
        "ref": "wayland",
        "repo": "rofi",
        "type": "github"
      }
    },
    "root": {
      "inputs": {
        "age-plugin-yubikey": "age-plugin-yubikey",
        "blur": "blur",
        "emacs-overlay": "emacs-overlay",
        "fenix": "fenix",
        "fire": "fire",
        "fish-kubectl-completions": "fish-kubectl-completions",
        "google-cloud-sdk-fish-completion": "google-cloud-sdk-fish-completion",
        "grim": "grim",
        "netns-exec": "netns-exec",
        "nix-misc": "nix-misc",
        "nixos-generators": "nixos-generators",
        "nixpkgs": "nixpkgs",
        "nixpkgs-fmt": "nixpkgs-fmt",
        "persway": "persway",
        "rofi-nord-theme": "rofi-nord-theme",
        "rofi-wayland": "rofi-wayland",
        "slurp": "slurp",
        "spook": "spook",
        "spotifyd": "spotifyd",
        "spotnix": "spotnix",
        "sway": "sway",
        "swaybg": "swaybg",
        "swayidle": "swayidle",
        "swaylock": "swaylock",
        "wf-recorder": "wf-recorder",
        "wl-clipboard": "wl-clipboard",
        "wlroots": "wlroots",
        "xdg-desktop-portal-wlr": "xdg-desktop-portal-wlr"
      }
    },
    "rust-analyzer-src": {
      "flake": false,
      "locked": {
        "lastModified": 1626896519,
        "narHash": "sha256-dodPO28s//aP8RtYt2L/CU95cP1IsAwnVHLO91hSxww=",
        "owner": "rust-analyzer",
        "repo": "rust-analyzer",
        "rev": "a36c9d8b5ce8f6468f9387fab590ad48381c1313",
        "type": "github"
      },
      "original": {
        "owner": "rust-analyzer",
        "ref": "nightly",
        "repo": "rust-analyzer",
        "type": "github"
      }
    },
    "slurp": {
      "flake": false,
      "locked": {
        "lastModified": 1625488132,
        "narHash": "sha256-D9vOo7yu+ddEpno7zo8H47+zvzTbQWp8hByUjlJ8XbI=",
        "owner": "emersion",
        "repo": "slurp",
        "rev": "4eaad7dbc67b66f72ca0fab8a327e59a317e7015",
        "type": "github"
      },
      "original": {
        "owner": "emersion",
        "repo": "slurp",
        "type": "github"
      }
    },
    "spook": {
      "inputs": {
        "nix-misc": [
          "nix-misc"
        ],
        "nixpkgs": [
          "nixpkgs"
        ]
      },
      "locked": {
        "lastModified": 1620680797,
        "narHash": "sha256-LsxwACs/o0g0JutA8WCi3bcu3J178LmZJmya6ZtBFKM=",
        "owner": "johnae",
        "repo": "spook",
        "rev": "f2795859143586f06b180b30870fa838d32a3ef9",
        "type": "github"
      },
      "original": {
        "owner": "johnae",
        "repo": "spook",
        "type": "github"
      }
    },
    "spotifyd": {
      "flake": false,
      "locked": {
        "lastModified": 1624017875,
        "narHash": "sha256-TkQu3aGS+el7IvBTczT2hCoUqeTHxCaHE4TCoZJNuzY=",
        "owner": "spotifyd",
        "repo": "spotifyd",
        "rev": "d6b1ea515c7a0315a0809d5e80d4c900180738cf",
        "type": "github"
      },
      "original": {
        "owner": "spotifyd",
        "repo": "spotifyd",
        "type": "github"
      }
    },
    "spotnix": {
      "inputs": {
        "fenix": [
          "fenix"
        ],
        "nixpkgs": [
          "nixpkgs"
        ]
      },
      "locked": {
        "lastModified": 1623514306,
        "narHash": "sha256-34uBvZ0S8cWCq2HarYaKOMIA1NTF2Jn5Hd0fnkql0gs=",
        "owner": "johnae",
        "repo": "spotnix",
        "rev": "9ab9475ca6ed28ab355328d5422e638a2bab7fee",
        "type": "github"
      },
      "original": {
        "owner": "johnae",
        "repo": "spotnix",
        "type": "github"
      }
    },
    "sway": {
      "flake": false,
      "locked": {
        "lastModified": 1626941553,
        "narHash": "sha256-d4imxrUzdiLH3ul7YzHnLS3ZyRsc3zkxKQQACIBfoZE=",
        "owner": "swaywm",
        "repo": "sway",
        "rev": "c9458b9fb1034b1fd9a946aa85d4a7c1f07f2af3",
        "type": "github"
      },
      "original": {
        "owner": "swaywm",
        "repo": "sway",
        "type": "github"
      }
    },
    "swaybg": {
      "flake": false,
      "locked": {
        "lastModified": 1626694029,
        "narHash": "sha256-5hTgK0aTkkoEXpMeViKHWFnxyZF9Mdo1DcxwzRNGoJw=",
        "owner": "swaywm",
        "repo": "swaybg",
        "rev": "96cf26d605d491d0cbb9e931c0bf8dcd28258e52",
        "type": "github"
      },
      "original": {
        "owner": "swaywm",
        "repo": "swaybg",
        "type": "github"
      }
    },
    "swayidle": {
      "flake": false,
      "locked": {
        "lastModified": 1621179497,
        "narHash": "sha256-1p5AY6ONZEWKweU/ZORuKwS8LwGReChNeH3vWxpSPn4=",
        "owner": "swaywm",
        "repo": "swayidle",
        "rev": "d5e4dff69e4d29c2fea2be739f11dcee9a082658",
        "type": "github"
      },
      "original": {
        "owner": "swaywm",
        "repo": "swayidle",
        "type": "github"
      }
    },
    "swaylock": {
      "flake": false,
      "locked": {
        "lastModified": 1626025975,
        "narHash": "sha256-7iKDEdj6SwonRYkY7cCEJ+kgOZ3v36fCvrBcJx7nPx0=",
        "owner": "swaywm",
        "repo": "swaylock",
        "rev": "366db56553ee02334871756ab19c72d2171ad364",
        "type": "github"
      },
      "original": {
        "owner": "swaywm",
        "repo": "swaylock",
        "type": "github"
      }
    },
    "wf-recorder": {
      "flake": false,
      "locked": {
        "lastModified": 1623402216,
        "narHash": "sha256-q66EbdFTHA8abwroohVyObRb0kVQv3iyUlLdpCSYVG0=",
        "owner": "ammen99",
        "repo": "wf-recorder",
        "rev": "5e628c46cd949e43259fd0a0599b3c7bd3a6f895",
        "type": "github"
      },
      "original": {
        "owner": "ammen99",
        "repo": "wf-recorder",
        "type": "github"
      }
    },
    "wl-clipboard": {
      "flake": false,
      "locked": {
        "lastModified": 1626804381,
        "narHash": "sha256-DRs4Fxc4AL7fC+hKM9/km/OmtQWrrrM/gMMmZn7HXBQ=",
        "owner": "bugaevc",
        "repo": "wl-clipboard",
        "rev": "297ab2a6fdd34c15c5eb3eb427be8daf753bcfd7",
        "type": "github"
      },
      "original": {
        "owner": "bugaevc",
        "repo": "wl-clipboard",
        "type": "github"
      }
    },
    "wlroots": {
      "flake": false,
      "locked": {
        "lastModified": 1626985704,
        "narHash": "sha256-KjYtLPd0U4rhjYkEL0km3GrmP9iudFKOH1EA+dFFX0w=",
        "owner": "swaywm",
        "repo": "wlroots",
        "rev": "04d4fb536d2112caf38ad9903a7ce8616a21ba33",
        "type": "github"
      },
      "original": {
        "owner": "swaywm",
        "repo": "wlroots",
        "type": "github"
      }
    },
    "xdg-desktop-portal-wlr": {
      "flake": false,
      "locked": {
        "lastModified": 1613380949,
        "narHash": "sha256-3WnWHn/YVrgEKI05tM5jnzxzBU3HUIh+EbyHFYcHX+4=",
        "owner": "emersion",
        "repo": "xdg-desktop-portal-wlr",
        "rev": "e103e120e20e83acec5b66ce4cd33a0eb86df0b0",
        "type": "github"
      },
      "original": {
        "owner": "emersion",
        "ref": "v0.2.0",
        "repo": "xdg-desktop-portal-wlr",
        "type": "github"
      }
    }
  },
  "root": "root",
  "version": 7
}
